// !$*UTF8*$!
{
	archiveVersion = 1;
	classes = {
	};
	objectVersion = 77;
	objects = {

/* Begin PBXBuildFile section */
		08FB8569C66966596551E0E2 /* AILinkView.swift in Sources */ = {isa = PBXBuildFile; fileRef = BD0FD27099E93C0B3DBCC55A /* AILinkView.swift */; };
		10D59B4DFE53808C4829E6FD /* PhraseModels.swift in Sources */ = {isa = PBXBuildFile; fileRef = 911F85BE195D61BDA4442400 /* PhraseModels.swift */; };
		1223C8F22F180001001B9AA7 /* PhraseContextRanker.swift in Sources */ = {isa = PBXBuildFile; fileRef = 1223C8F12F180001001B9AA7 /* PhraseContextRanker.swift */; };
		167CA0012F9C0001001B9AA7 /* CaptureModels.swift in Sources */ = {isa = PBXBuildFile; fileRef = 167CA0002F9C0001001B9AA7 /* CaptureModels.swift */; };
		167CA0032F9C0001001B9AA7 /* CaptureModels.swift in Sources */ = {isa = PBXBuildFile; fileRef = 167CA0002F9C0001001B9AA7 /* CaptureModels.swift */; };
		167CA0052F9C0001001B9AA7 /* CaptureOCRService.swift in Sources */ = {isa = PBXBuildFile; fileRef = 167CA0042F9C0001001B9AA7 /* CaptureOCRService.swift */; };
		167CA0062F9C0001001B9AA7 /* CaptureOCRService.swift in Sources */ = {isa = PBXBuildFile; fileRef = 167CA0042F9C0001001B9AA7 /* CaptureOCRService.swift */; };
		167CA0082F9C0001001B9AA7 /* CaptureTab.swift in Sources */ = {isa = PBXBuildFile; fileRef = 167CA0072F9C0001001B9AA7 /* CaptureTab.swift */; };
		167CA0092F9C0001001B9AA7 /* CaptureTab.swift in Sources */ = {isa = PBXBuildFile; fileRef = 167CA0072F9C0001001B9AA7 /* CaptureTab.swift */; };
		2CD095BC1FB95FF4971726EC /* JSONFileDocument.swift in Sources */ = {isa = PBXBuildFile; fileRef = 6C168A03A00D507535219249 /* JSONFileDocument.swift */; };
		33BD34622FD7927FF5D00EDA /* phrases.db in Resources */ = {isa = PBXBuildFile; fileRef = 6C8EA1AAC376266D445DC85F /* phrases.db */; };
		36953C4FF6B7A7B82A5663BC /* ResponsiveFont.swift in Sources */ = {isa = PBXBuildFile; fileRef = B3E1E5265391156C8C615A28 /* ResponsiveFont.swift */; };
		388A8F4E14262C3C3E616C1B /* CharacterDetailView.swift in Sources */ = {isa = PBXBuildFile; fileRef = CD17FEE8A50EC8A49C37A2FF /* CharacterDetailView.swift */; };
		388A8F5014262C3C3E616C1B /* CharacterPhraseLookupSection.swift in Sources */ = {isa = PBXBuildFile; fileRef = 388A8F4F14262C3C3E616C1B /* CharacterPhraseLookupSection.swift */; };
		43E2AF8FCB18F25425CAFC3D /* SUBTLEX-CH-CHR.txt in Resources */ = {isa = PBXBuildFile; fileRef = D355D0DC4BFD564CD930A664 /* SUBTLEX-CH-CHR.txt */; };
		4A7054204EB051FAAD223385 /* JSONFileDocument.swift in Sources */ = {isa = PBXBuildFile; fileRef = 6C168A03A00D507535219249 /* JSONFileDocument.swift */; };
		4EA624A7F2EC5FA78A32CE8C /* DataExportService.swift in Sources */ = {isa = PBXBuildFile; fileRef = 5638FC4C06278901129EF9DF /* DataExportService.swift */; };
		51F6A1B7C8E94D3BA2F0D645 /* character_strokes.db in Resources */ = {isa = PBXBuildFile; fileRef = 51F6A1B6C8E94D3BA2F0D645 /* character_strokes.db */; };
		54A51BF66D66F0EB5BCB894C /* ComponentModels.swift in Sources */ = {isa = PBXBuildFile; fileRef = BF7695C55BB9AFAA1CDFEB58 /* ComponentModels.swift */; };
		643BD107342BFF9737B8E68D /* UnifiedPackage.swift in Sources */ = {isa = PBXBuildFile; fileRef = AB37C9B2A3908035B4225770 /* UnifiedPackage.swift */; };
		6ABB3E4EB6475449496F9C71 /* ResponsiveFont.swift in Sources */ = {isa = PBXBuildFile; fileRef = B3E1E5265391156C8C615A28 /* ResponsiveFont.swift */; };
		728F315B9AF32766993FECCC /* ComponentModels.swift in Sources */ = {isa = PBXBuildFile; fileRef = BF7695C55BB9AFAA1CDFEB58 /* ComponentModels.swift */; };
		7D4B9955F84B9C520D7702E8 /* EntitlementManager.swift in Sources */ = {isa = PBXBuildFile; fileRef = 4559296FCA5B2061336BA302 /* EntitlementManager.swift */; };
		82ECAD9A3AAD305D57B1CC85 /* CharacterInfoCard.swift in Sources */ = {isa = PBXBuildFile; fileRef = D1C7DBD97423A0CB1563CC5D /* CharacterInfoCard.swift */; };
		82ECAD9C3AAD305D57B1CC85 /* CharacterInfoCardActions.swift in Sources */ = {isa = PBXBuildFile; fileRef = 82ECAD9B3AAD305D57B1CC85 /* CharacterInfoCardActions.swift */; };
		850000012F9D0001001B9AA7 /* ComponentCharacterTile.swift in Sources */ = {isa = PBXBuildFile; fileRef = 850000002F9D0001001B9AA7 /* ComponentCharacterTile.swift */; };
		850000032F9D0001001B9AA7 /* LightweightCharacterPreviewCard.swift in Sources */ = {isa = PBXBuildFile; fileRef = 850000022F9D0001001B9AA7 /* LightweightCharacterPreviewCard.swift */; };
		850000052F9D0001001B9AA7 /* PopoverSizingModifiers.swift in Sources */ = {isa = PBXBuildFile; fileRef = 850000042F9D0001001B9AA7 /* PopoverSizingModifiers.swift */; };
		850000072F9D0001001B9AA7 /* ComponentsRootsPopover.swift in Sources */ = {isa = PBXBuildFile; fileRef = 850000062F9D0001001B9AA7 /* ComponentsRootsPopover.swift */; };
		8500000A2F9D0001001B9AA7 /* BrowseGridLayout.swift in Sources */ = {isa = PBXBuildFile; fileRef = 850000092F9D0001001B9AA7 /* BrowseGridLayout.swift */; };
		8500000C2F9D0001001B9AA7 /* RadixStoreExtractedHelpers.swift in Sources */ = {isa = PBXBuildFile; fileRef = 8500000B2F9D0001001B9AA7 /* RadixStoreExtractedHelpers.swift */; };
		8500000E2F9D0003001B9AA7 /* RadixStoreCollections.swift in Sources */ = {isa = PBXBuildFile; fileRef = 8500000D2F9D0003001B9AA7 /* RadixStoreCollections.swift */; };
		850000102F9D0004001B9AA7 /* RadixStorePrompts.swift in Sources */ = {isa = PBXBuildFile; fileRef = 8500000F2F9D0004001B9AA7 /* RadixStorePrompts.swift */; };
		850000122F9D0005001B9AA7 /* RadixStoreFavorites.swift in Sources */ = {isa = PBXBuildFile; fileRef = 850000112F9D0005001B9AA7 /* RadixStoreFavorites.swift */; };
		850000142F9D0006001B9AA7 /* RadixStorePhraseFile.swift in Sources */ = {isa = PBXBuildFile; fileRef = 850000132F9D0006001B9AA7 /* RadixStorePhraseFile.swift */; };
		850000162F9D0007001B9AA7 /* RadixStoreDataEdit.swift in Sources */ = {isa = PBXBuildFile; fileRef = 850000152F9D0007001B9AA7 /* RadixStoreDataEdit.swift */; };
		850000182F9D0008001B9AA7 /* RadixStoreSearch.swift in Sources */ = {isa = PBXBuildFile; fileRef = 850000172F9D0008001B9AA7 /* RadixStoreSearch.swift */; };
		8500001A2F9D0009001B9AA7 /* RadixStoreNavigation.swift in Sources */ = {isa = PBXBuildFile; fileRef = 850000192F9D0009001B9AA7 /* RadixStoreNavigation.swift */; };
		8500001C2F9D000A001B9AA7 /* RadixStoreImagePhrase.swift in Sources */ = {isa = PBXBuildFile; fileRef = 8500001B2F9D000A001B9AA7 /* RadixStoreImagePhrase.swift */; };
		8500001E2F9D000B001B9AA7 /* RadixStoreRootsBreadcrumb.swift in Sources */ = {isa = PBXBuildFile; fileRef = 8500001D2F9D000B001B9AA7 /* RadixStoreRootsBreadcrumb.swift */; };
		850000202F9D000C001B9AA7 /* RadixStoreRootsCache.swift in Sources */ = {isa = PBXBuildFile; fileRef = 8500001F2F9D000C001B9AA7 /* RadixStoreRootsCache.swift */; };
		850000222F9D000D001B9AA7 /* RadixStoreDataEditHelpers.swift in Sources */ = {isa = PBXBuildFile; fileRef = 850000212F9D000D001B9AA7 /* RadixStoreDataEditHelpers.swift */; };
		850000242F9D000E001B9AA7 /* RadixStoreAI.swift in Sources */ = {isa = PBXBuildFile; fileRef = 850000232F9D000E001B9AA7 /* RadixStoreAI.swift */; };
		850000262F9D000F001B9AA7 /* RadixStoreGrid.swift in Sources */ = {isa = PBXBuildFile; fileRef = 850000252F9D000F001B9AA7 /* RadixStoreGrid.swift */; };
		8500000E2F9D0001001B9AA7 /* BackupSummaryBuilder.swift in Sources */ = {isa = PBXBuildFile; fileRef = 8500000D2F9D0001001B9AA7 /* BackupSummaryBuilder.swift */; };
		850000102F9D0001001B9AA7 /* ImagePhraseMatcher.swift in Sources */ = {isa = PBXBuildFile; fileRef = 8500000F2F9D0001001B9AA7 /* ImagePhraseMatcher.swift */; };
		850000122F9D0001001B9AA7 /* CharacterSpeechService.swift in Sources */ = {isa = PBXBuildFile; fileRef = 850000112F9D0001001B9AA7 /* CharacterSpeechService.swift */; };
		850000142F9D0001001B9AA7 /* PhraseEditService.swift in Sources */ = {isa = PBXBuildFile; fileRef = 850000132F9D0001001B9AA7 /* PhraseEditService.swift */; };
		850000162F9D0001001B9AA7 /* BrowseSourceMenuViews.swift in Sources */ = {isa = PBXBuildFile; fileRef = 850000152F9D0001001B9AA7 /* BrowseSourceMenuViews.swift */; };
		850000182F9D0001001B9AA7 /* DataBackupPreviewRows.swift in Sources */ = {isa = PBXBuildFile; fileRef = 850000172F9D0001001B9AA7 /* DataBackupPreviewRows.swift */; };
		8500001A2F9D0001001B9AA7 /* QuickEditFieldRows.swift in Sources */ = {isa = PBXBuildFile; fileRef = 850000192F9D0001001B9AA7 /* QuickEditFieldRows.swift */; };
		8500001C2F9D0001001B9AA7 /* CharacterPreviewAnimationPanel.swift in Sources */ = {isa = PBXBuildFile; fileRef = 8500001B2F9D0001001B9AA7 /* CharacterPreviewAnimationPanel.swift */; };
		8500001E2F9D0001001B9AA7 /* PhraseTableSheet.swift in Sources */ = {isa = PBXBuildFile; fileRef = 8500001D2F9D0001001B9AA7 /* PhraseTableSheet.swift */; };
		850000202F9D0001001B9AA7 /* CharacterAnimationSharing.swift in Sources */ = {isa = PBXBuildFile; fileRef = 8500001F2F9D0001001B9AA7 /* CharacterAnimationSharing.swift */; };
		850000222F9D0001001B9AA7 /* CharacterContextMenus.swift in Sources */ = {isa = PBXBuildFile; fileRef = 850000212F9D0001001B9AA7 /* CharacterContextMenus.swift */; };
		850000242F9D0001001B9AA7 /* AddPhraseSheet.swift in Sources */ = {isa = PBXBuildFile; fileRef = 850000232F9D0001001B9AA7 /* AddPhraseSheet.swift */; };
		850000262F9D0001001B9AA7 /* InteractionHintRow.swift in Sources */ = {isa = PBXBuildFile; fileRef = 850000252F9D0001001B9AA7 /* InteractionHintRow.swift */; };
		850000282F9D0001001B9AA7 /* BrowseGridComponents.swift in Sources */ = {isa = PBXBuildFile; fileRef = 850000272F9D0001001B9AA7 /* BrowseGridComponents.swift */; };
		8500002A2F9D0001001B9AA7 /* BrowseFiltersSheet.swift in Sources */ = {isa = PBXBuildFile; fileRef = 850000292F9D0001001B9AA7 /* BrowseFiltersSheet.swift */; };
		8500002C2F9D0001001B9AA7 /* BrowseCollectionSheets.swift in Sources */ = {isa = PBXBuildFile; fileRef = 8500002B2F9D0001001B9AA7 /* BrowseCollectionSheets.swift */; };
		8500002E2F9D0001001B9AA7 /* BrowsePhonePreview.swift in Sources */ = {isa = PBXBuildFile; fileRef = 8500002D2F9D0001001B9AA7 /* BrowsePhonePreview.swift */; };
		850000302F9D0001001B9AA7 /* CharacterInfoCardSupport.swift in Sources */ = {isa = PBXBuildFile; fileRef = 8500002F2F9D0001001B9AA7 /* CharacterInfoCardSupport.swift */; };
		850000322F9D0001001B9AA7 /* DataEditExportSupport.swift in Sources */ = {isa = PBXBuildFile; fileRef = 850000312F9D0001001B9AA7 /* DataEditExportSupport.swift */; };
		850000342F9D0001001B9AA7 /* RootViewSupport.swift in Sources */ = {isa = PBXBuildFile; fileRef = 850000332F9D0001001B9AA7 /* RootViewSupport.swift */; };
		850000362F9D0001001B9AA7 /* ComponentsExplorerShell.swift in Sources */ = {isa = PBXBuildFile; fileRef = 850000352F9D0001001B9AA7 /* ComponentsExplorerShell.swift */; };
		850000382F9D0001001B9AA7 /* QuickPhraseEditorView.swift in Sources */ = {isa = PBXBuildFile; fileRef = 850000372F9D0001001B9AA7 /* QuickPhraseEditorView.swift */; };
		8500003A2F9D0001001B9AA7 /* QuickCharacterEditorView.swift in Sources */ = {isa = PBXBuildFile; fileRef = 850000392F9D0001001B9AA7 /* QuickCharacterEditorView.swift */; };
		8500003C2F9D0001001B9AA7 /* StoredZipArchive.swift in Sources */ = {isa = PBXBuildFile; fileRef = 8500003B2F9D0001001B9AA7 /* StoredZipArchive.swift */; };
		8500003E2F9D0001001B9AA7 /* PinyinSearchNormalizer.swift in Sources */ = {isa = PBXBuildFile; fileRef = 8500003D2F9D0001001B9AA7 /* PinyinSearchNormalizer.swift */; };
		850000402F9D0001001B9AA7 /* StrokeSynthesisSupport.swift in Sources */ = {isa = PBXBuildFile; fileRef = 8500003F2F9D0001001B9AA7 /* StrokeSynthesisSupport.swift */; };
		850000422F9D0001001B9AA7 /* StrokeRepositories.swift in Sources */ = {isa = PBXBuildFile; fileRef = 850000412F9D0001001B9AA7 /* StrokeRepositories.swift */; };
		850000442F9D0001001B9AA7 /* ProjectLiveDataLocator.swift in Sources */ = {isa = PBXBuildFile; fileRef = 850000432F9D0001001B9AA7 /* ProjectLiveDataLocator.swift */; };
		850000462F9D0001001B9AA7 /* StrokeSynthesisEngine.swift in Sources */ = {isa = PBXBuildFile; fileRef = 850000452F9D0001001B9AA7 /* StrokeSynthesisEngine.swift */; };
		850000482F9D0001001B9AA7 /* DataExportDatabaseBuilder.swift in Sources */ = {isa = PBXBuildFile; fileRef = 850000472F9D0001001B9AA7 /* DataExportDatabaseBuilder.swift */; };
		8500004A2F9D0001001B9AA7 /* DataExportArchiveBuilder.swift in Sources */ = {isa = PBXBuildFile; fileRef = 850000492F9D0001001B9AA7 /* DataExportArchiveBuilder.swift */; };
		8500004C2F9D0001001B9AA7 /* ScriptTextConverter.swift in Sources */ = {isa = PBXBuildFile; fileRef = 8500004B2F9D0001001B9AA7 /* ScriptTextConverter.swift */; };
		8500004E2F9D0001001B9AA7 /* PhraseAddDatabaseLocationManager.swift in Sources */ = {isa = PBXBuildFile; fileRef = 8500004D2F9D0001001B9AA7 /* PhraseAddDatabaseLocationManager.swift */; };
		850000502F9D0001001B9AA7 /* PhraseAddDatabaseSchema.swift in Sources */ = {isa = PBXBuildFile; fileRef = 8500004F2F9D0001001B9AA7 /* PhraseAddDatabaseSchema.swift */; };
		850000522F9D0001001B9AA7 /* PhrasePinyinSearchIndex.swift in Sources */ = {isa = PBXBuildFile; fileRef = 850000512F9D0001001B9AA7 /* PhrasePinyinSearchIndex.swift */; };
		850000542F9D0002001B9AA7 /* PhraseQueryRunner.swift in Sources */ = {isa = PBXBuildFile; fileRef = 850000532F9D0002001B9AA7 /* PhraseQueryRunner.swift */; };
		850000542F9D0001001B9AA7 /* ComponentScriptClassifier.swift in Sources */ = {isa = PBXBuildFile; fileRef = 850000532F9D0001001B9AA7 /* ComponentScriptClassifier.swift */; };
		850000562F9D0001001B9AA7 /* ComponentDecompositionParser.swift in Sources */ = {isa = PBXBuildFile; fileRef = 850000552F9D0001001B9AA7 /* ComponentDecompositionParser.swift */; };
		850000582F9D0001001B9AA7 /* ComponentOverlayBuilder.swift in Sources */ = {isa = PBXBuildFile; fileRef = 850000572F9D0001001B9AA7 /* ComponentOverlayBuilder.swift */; };
		8500005A2F9D0001001B9AA7 /* ComponentFrequencyProvider.swift in Sources */ = {isa = PBXBuildFile; fileRef = 850000592F9D0001001B9AA7 /* ComponentFrequencyProvider.swift */; };
		8500005C2F9D0001001B9AA7 /* ComponentIndexBuilder.swift in Sources */ = {isa = PBXBuildFile; fileRef = 8500005B2F9D0001001B9AA7 /* ComponentIndexBuilder.swift */; };
		8500005E2F9D0001001B9AA7 /* ComponentSearchEngine.swift in Sources */ = {isa = PBXBuildFile; fileRef = 8500005D2F9D0001001B9AA7 /* ComponentSearchEngine.swift */; };
		850000602F9D0001001B9AA7 /* StrokePathTransformer.swift in Sources */ = {isa = PBXBuildFile; fileRef = 8500005F2F9D0001001B9AA7 /* StrokePathTransformer.swift */; };
		850000622F9D0001001B9AA7 /* StrokeIDSParser.swift in Sources */ = {isa = PBXBuildFile; fileRef = 850000612F9D0001001B9AA7 /* StrokeIDSParser.swift */; };
		859920E5386DA7A4254E2346 /* hanzi-writer.min.js in Resources */ = {isa = PBXBuildFile; fileRef = 0622B2A27B86C5D0640BDCF3 /* hanzi-writer.min.js */; };
		864DAB762F93ADA3001B9AA7 /* ComponentRepository.swift in Sources */ = {isa = PBXBuildFile; fileRef = 864DAB752F93ADA3001B9AA7 /* ComponentRepository.swift */; };
		864DAB882F93B701001B9AA7 /* RadixStore.swift in Sources */ = {isa = PBXBuildFile; fileRef = 864DAB872F93B701001B9AA7 /* RadixStore.swift */; };
		864DAB8A2F93B722001B9AA7 /* PhraseRepository.swift in Sources */ = {isa = PBXBuildFile; fileRef = 864DAB892F93B722001B9AA7 /* PhraseRepository.swift */; };
		864DAB902F93BD51001B9AA7 /* CharacterPreviewHeader.swift in Sources */ = {isa = PBXBuildFile; fileRef = 864DAB8F2F93BD51001B9AA7 /* CharacterPreviewHeader.swift */; };
		864DAB962F93C022001B9AA7 /* BinaryFileDocument.swift in Sources */ = {isa = PBXBuildFile; fileRef = 864DAB952F93C022001B9AA7 /* BinaryFileDocument.swift */; };
		864DAB972F9A0001001B9AA7 /* StrokeAnimationProvider.swift in Sources */ = {isa = PBXBuildFile; fileRef = 864DAB982F9A0001001B9AA7 /* StrokeAnimationProvider.swift */; };
		864DAB992F9A0001001B9AA7 /* StrokeAnimationProvider.swift in Sources */ = {isa = PBXBuildFile; fileRef = 864DAB982F9A0001001B9AA7 /* StrokeAnimationProvider.swift */; };
		864DAB9B2F9B0001001B9AA7 /* OpenSourceLicensesView.swift in Sources */ = {isa = PBXBuildFile; fileRef = 864DAB9A2F9B0001001B9AA7 /* OpenSourceLicensesView.swift */; };
		864DAB9C2F9B0001001B9AA7 /* OpenSourceLicensesView.swift in Sources */ = {isa = PBXBuildFile; fileRef = 864DAB9A2F9B0001001B9AA7 /* OpenSourceLicensesView.swift */; };
		864DAB9E2F9B0001001B9AA7 /* Licenses in Resources */ = {isa = PBXBuildFile; fileRef = 864DAB9D2F9B0001001B9AA7 /* Licenses */; };
		864DABAF2F9B0001001B9AA7 /* SettingsView.swift in Sources */ = {isa = PBXBuildFile; fileRef = 864DABAC2F9B0001001B9AA7 /* SettingsView.swift */; };
		864DABB02F9B0001001B9AA7 /* SettingsView.swift in Sources */ = {isa = PBXBuildFile; fileRef = 864DABAC2F9B0001001B9AA7 /* SettingsView.swift */; };
		864DABB12F9B0001001B9AA7 /* CreditsView.swift in Sources */ = {isa = PBXBuildFile; fileRef = 864DABAD2F9B0001001B9AA7 /* CreditsView.swift */; };
		864DABB22F9B0001001B9AA7 /* CreditsView.swift in Sources */ = {isa = PBXBuildFile; fileRef = 864DABAD2F9B0001001B9AA7 /* CreditsView.swift */; };
		864DABB32F9B0001001B9AA7 /* LicenseTextLoader.swift in Sources */ = {isa = PBXBuildFile; fileRef = 864DABAE2F9B0001001B9AA7 /* LicenseTextLoader.swift */; };
		864DABB42F9B0001001B9AA7 /* LicenseTextLoader.swift in Sources */ = {isa = PBXBuildFile; fileRef = 864DABAE2F9B0001001B9AA7 /* LicenseTextLoader.swift */; };
		86CD14402F9822B300D7BDBD /* DataEditTab.swift in Sources */ = {isa = PBXBuildFile; fileRef = 86CD14372F9822B300D7BDBD /* DataEditTab.swift */; };
		86CD14412F9822B300D7BDBD /* FileTransferModifier.swift in Sources */ = {isa = PBXBuildFile; fileRef = 86CD14392F9822B300D7BDBD /* FileTransferModifier.swift */; };
		86CD14422F9822B300D7BDBD /* StrokeRangeSlider.swift in Sources */ = {isa = PBXBuildFile; fileRef = 86CD143F2F9822B300D7BDBD /* StrokeRangeSlider.swift */; };
		86CD14432F9822B300D7BDBD /* QuickEditSheets.swift in Sources */ = {isa = PBXBuildFile; fileRef = 86CD143B2F9822B300D7BDBD /* QuickEditSheets.swift */; };
		86CD14442F9822B300D7BDBD /* AppleStrokeViews.swift in Sources */ = {isa = PBXBuildFile; fileRef = 86CD14352F9822B300D7BDBD /* AppleStrokeViews.swift */; };
		86CD14452F9822B300D7BDBD /* FavouritesTab.swift in Sources */ = {isa = PBXBuildFile; fileRef = 86CD14382F9822B300D7BDBD /* FavouritesTab.swift */; };
		86CD14462F9822B300D7BDBD /* RootView.swift in Sources */ = {isa = PBXBuildFile; fileRef = 86CD143C2F9822B300D7BDBD /* RootView.swift */; };
		86CD14472F9822B300D7BDBD /* BreadcrumbStrip.swift in Sources */ = {isa = PBXBuildFile; fileRef = 86CD14362F9822B300D7BDBD /* BreadcrumbStrip.swift */; };
		86CD14482F9822B300D7BDBD /* SmartSearchTab.swift in Sources */ = {isa = PBXBuildFile; fileRef = 86CD143E2F9822B300D7BDBD /* SmartSearchTab.swift */; };
		86CD14492F9822B300D7BDBD /* AddPhrasesFileDocument.swift in Sources */ = {isa = PBXBuildFile; fileRef = 86CD14342F9822B300D7BDBD /* AddPhrasesFileDocument.swift */; };
		86CD144A2F9822B300D7BDBD /* FilterGridTab.swift in Sources */ = {isa = PBXBuildFile; fileRef = 86CD143A2F9822B300D7BDBD /* FilterGridTab.swift */; };
		86CD144B2F9822B300D7BDBD /* SmartResultsGrid.swift in Sources */ = {isa = PBXBuildFile; fileRef = 86CD143D2F9822B300D7BDBD /* SmartResultsGrid.swift */; };
		86CD144C2F9822B300D7BDBD /* DataEditTab.swift in Sources */ = {isa = PBXBuildFile; fileRef = 86CD14372F9822B300D7BDBD /* DataEditTab.swift */; };
		86CD144D2F9822B300D7BDBD /* FileTransferModifier.swift in Sources */ = {isa = PBXBuildFile; fileRef = 86CD14392F9822B300D7BDBD /* FileTransferModifier.swift */; };
		86CD144E2F9822B300D7BDBD /* StrokeRangeSlider.swift in Sources */ = {isa = PBXBuildFile; fileRef = 86CD143F2F9822B300D7BDBD /* StrokeRangeSlider.swift */; };
		86CD144F2F9822B300D7BDBD /* QuickEditSheets.swift in Sources */ = {isa = PBXBuildFile; fileRef = 86CD143B2F9822B300D7BDBD /* QuickEditSheets.swift */; };
		86CD14502F9822B300D7BDBD /* AppleStrokeViews.swift in Sources */ = {isa = PBXBuildFile; fileRef = 86CD14352F9822B300D7BDBD /* AppleStrokeViews.swift */; };
		86CD14512F9822B300D7BDBD /* FavouritesTab.swift in Sources */ = {isa = PBXBuildFile; fileRef = 86CD14382F9822B300D7BDBD /* FavouritesTab.swift */; };
		86CD14522F9822B300D7BDBD /* RootView.swift in Sources */ = {isa = PBXBuildFile; fileRef = 86CD143C2F9822B300D7BDBD /* RootView.swift */; };
		86CD14532F9822B300D7BDBD /* BreadcrumbStrip.swift in Sources */ = {isa = PBXBuildFile; fileRef = 86CD14362F9822B300D7BDBD /* BreadcrumbStrip.swift */; };
		86CD14542F9822B300D7BDBD /* SmartSearchTab.swift in Sources */ = {isa = PBXBuildFile; fileRef = 86CD143E2F9822B300D7BDBD /* SmartSearchTab.swift */; };
		86CD14552F9822B300D7BDBD /* AddPhrasesFileDocument.swift in Sources */ = {isa = PBXBuildFile; fileRef = 86CD14342F9822B300D7BDBD /* AddPhrasesFileDocument.swift */; };
		86CD14562F9822B300D7BDBD /* FilterGridTab.swift in Sources */ = {isa = PBXBuildFile; fileRef = 86CD143A2F9822B300D7BDBD /* FilterGridTab.swift */; };
		86CD14572F9822B300D7BDBD /* SmartResultsGrid.swift in Sources */ = {isa = PBXBuildFile; fileRef = 86CD143D2F9822B300D7BDBD /* SmartResultsGrid.swift */; };
		86CD14582F9822B300D7BDBD /* CapturePhraseDiscoveryModels.swift in Sources */ = {isa = PBXBuildFile; fileRef = 86CD14592F9822B300D7BDBD /* CapturePhraseDiscoveryModels.swift */; };
		86CD145A2F9822B300D7BDBD /* CameraCaptureView.swift in Sources */ = {isa = PBXBuildFile; fileRef = 86CD145B2F9822B300D7BDBD /* CameraCaptureView.swift */; };
		86CD145D2F9822B300D7BDBD /* CapturePhraseDiscoveryViews.swift in Sources */ = {isa = PBXBuildFile; fileRef = 86CD145C2F9822B300D7BDBD /* CapturePhraseDiscoveryViews.swift */; };
		86CD145F2F9822B300D7BDBD /* PasteCollectionSheet.swift in Sources */ = {isa = PBXBuildFile; fileRef = 86CD145E2F9822B300D7BDBD /* PasteCollectionSheet.swift */; };
		86CD14612F9822B300D7BDBD /* CaptureWorkbenchViews.swift in Sources */ = {isa = PBXBuildFile; fileRef = 86CD14602F9822B300D7BDBD /* CaptureWorkbenchViews.swift */; };
		86CD14632F9822B300D7BDBD /* DataBackupPreviewSection.swift in Sources */ = {isa = PBXBuildFile; fileRef = 86CD14622F9822B300D7BDBD /* DataBackupPreviewSection.swift */; };
		86CD14652F9822B300D7BDBD /* DataChangedDictionarySection.swift in Sources */ = {isa = PBXBuildFile; fileRef = 86CD14642F9822B300D7BDBD /* DataChangedDictionarySection.swift */; };
		86CD14672F9822B300D7BDBD /* DataChangedPhrasesSection.swift in Sources */ = {isa = PBXBuildFile; fileRef = 86CD14662F9822B300D7BDBD /* DataChangedPhrasesSection.swift */; };
		86CD14692F9822B300D7BDBD /* DataAITemplatesSection.swift in Sources */ = {isa = PBXBuildFile; fileRef = 86CD14682F9822B300D7BDBD /* DataAITemplatesSection.swift */; };
		971EBBB26C9F4CFBD686F394 /* PromptModels.swift in Sources */ = {isa = PBXBuildFile; fileRef = 6AFF92F2BA13EBA1A3A64D44 /* PromptModels.swift */; };
		9D149A113D1A76187A94F606 /* PaywallView.swift in Sources */ = {isa = PBXBuildFile; fileRef = 72B5F27805929C40BDB2DE8C /* PaywallView.swift */; };
		9D7AF752F6083FC689726598 /* subtlex_freq.json in Resources */ = {isa = PBXBuildFile; fileRef = E9C3F33A9386C399BF9BA6BD /* subtlex_freq.json */; };
		A05EBFC59DC951C9EFDB9FF9 /* PromptModels.swift in Sources */ = {isa = PBXBuildFile; fileRef = 6AFF92F2BA13EBA1A3A64D44 /* PromptModels.swift */; };
		A1058D8DAF993CBF97FFE6A9 /* StrokeOrderWebView.swift in Sources */ = {isa = PBXBuildFile; fileRef = 59B2335DD9219C0F7B96DE43 /* StrokeOrderWebView.swift */; };
		A2A5920563DDE95E066515ED /* StrokeOrderWebView.swift in Sources */ = {isa = PBXBuildFile; fileRef = 59B2335DD9219C0F7B96DE43 /* StrokeOrderWebView.swift */; };
		AB674F9317A0D00B5EFE5ED2 /* CharacterInfoCard.swift in Sources */ = {isa = PBXBuildFile; fileRef = D1C7DBD97423A0CB1563CC5D /* CharacterInfoCard.swift */; };
		B0DE21C9E5CAC9EF465BFD96 /* enhanced_component_map_with_etymology.json in Resources */ = {isa = PBXBuildFile; fileRef = C94D867F618771FE33C19738 /* enhanced_component_map_with_etymology.json */; };
		B5F06B39344DC71A5AC38B9E /* EntitlementManager.swift in Sources */ = {isa = PBXBuildFile; fileRef = 4559296FCA5B2061336BA302 /* EntitlementManager.swift */; };
		BB6046DC1B72C21D2C18B6BA /* UserProfile.swift in Sources */ = {isa = PBXBuildFile; fileRef = F62C2C812BDCE5C4161C8606 /* UserProfile.swift */; };
		C0E52DFB3BB4B3CDE7E768D8 /* Assets.xcassets in Resources */ = {isa = PBXBuildFile; fileRef = 5FB0197D42D52FA9A72F4B24 /* Assets.xcassets */; };
		C0F73A1B704F91F0BB8E1C07 /* UnifiedPackage.swift in Sources */ = {isa = PBXBuildFile; fileRef = AB37C9B2A3908035B4225770 /* UnifiedPackage.swift */; };
		C28652F731304AC351D188FF /* RadixApp.swift in Sources */ = {isa = PBXBuildFile; fileRef = 0AD6667A0050D42F3CEC06E1 /* RadixApp.swift */; };
		CB360F3972D55FBFD1555152 /* RadixApp.swift in Sources */ = {isa = PBXBuildFile; fileRef = 0AD6667A0050D42F3CEC06E1 /* RadixApp.swift */; };
		CDE58FC9C241B89DA2A18538 /* UserProfile.swift in Sources */ = {isa = PBXBuildFile; fileRef = F62C2C812BDCE5C4161C8606 /* UserProfile.swift */; };
		DA63DDFD6499D503D37A05AF /* DataExportService.swift in Sources */ = {isa = PBXBuildFile; fileRef = 5638FC4C06278901129EF9DF /* DataExportService.swift */; };
		EA2830C793A1ABC0ECC9FC56 /* AILinkView.swift in Sources */ = {isa = PBXBuildFile; fileRef = BD0FD27099E93C0B3DBCC55A /* AILinkView.swift */; };
		EB7D8FFF8C9E773E8712ABDD /* PaywallView.swift in Sources */ = {isa = PBXBuildFile; fileRef = 72B5F27805929C40BDB2DE8C /* PaywallView.swift */; };
		EBB680C6944759A26C02D8FA /* CharacterDetailView.swift in Sources */ = {isa = PBXBuildFile; fileRef = CD17FEE8A50EC8A49C37A2FF /* CharacterDetailView.swift */; };
		FAA71A5526023B0DC933A1DE /* PhraseModels.swift in Sources */ = {isa = PBXBuildFile; fileRef = 911F85BE195D61BDA4442400 /* PhraseModels.swift */; };
/* End PBXBuildFile section */

/* Begin PBXFileReference section */
		0622B2A27B86C5D0640BDCF3 /* hanzi-writer.min.js */ = {isa = PBXFileReference; lastKnownFileType = sourcecode.javascript; path = "hanzi-writer.min.js"; sourceTree = "<group>"; };
		0AD6667A0050D42F3CEC06E1 /* RadixApp.swift */ = {isa = PBXFileReference; lastKnownFileType = sourcecode.swift; path = RadixApp.swift; sourceTree = "<group>"; };
		1223C8F12F180001001B9AA7 /* PhraseContextRanker.swift */ = {isa = PBXFileReference; lastKnownFileType = sourcecode.swift; path = PhraseContextRanker.swift; sourceTree = "<group>"; };
		167CA0002F9C0001001B9AA7 /* CaptureModels.swift */ = {isa = PBXFileReference; lastKnownFileType = sourcecode.swift; path = CaptureModels.swift; sourceTree = "<group>"; };
		167CA0042F9C0001001B9AA7 /* CaptureOCRService.swift */ = {isa = PBXFileReference; lastKnownFileType = sourcecode.swift; path = CaptureOCRService.swift; sourceTree = "<group>"; };
		167CA0072F9C0001001B9AA7 /* CaptureTab.swift */ = {isa = PBXFileReference; lastKnownFileType = sourcecode.swift; path = CaptureTab.swift; sourceTree = "<group>"; };
		4559296FCA5B2061336BA302 /* EntitlementManager.swift */ = {isa = PBXFileReference; lastKnownFileType = sourcecode.swift; path = EntitlementManager.swift; sourceTree = "<group>"; };
		51F6A1B6C8E94D3BA2F0D645 /* character_strokes.db */ = {isa = PBXFileReference; lastKnownFileType = file; path = character_strokes.db; sourceTree = "<group>"; };
		5638FC4C06278901129EF9DF /* DataExportService.swift */ = {isa = PBXFileReference; lastKnownFileType = sourcecode.swift; path = DataExportService.swift; sourceTree = "<group>"; };
		59B2335DD9219C0F7B96DE43 /* StrokeOrderWebView.swift */ = {isa = PBXFileReference; lastKnownFileType = sourcecode.swift; path = StrokeOrderWebView.swift; sourceTree = "<group>"; };
		5FB0197D42D52FA9A72F4B24 /* Assets.xcassets */ = {isa = PBXFileReference; lastKnownFileType = folder.assetcatalog; path = Assets.xcassets; sourceTree = "<group>"; };
		6AFF92F2BA13EBA1A3A64D44 /* PromptModels.swift */ = {isa = PBXFileReference; lastKnownFileType = sourcecode.swift; path = PromptModels.swift; sourceTree = "<group>"; };
		6C168A03A00D507535219249 /* JSONFileDocument.swift */ = {isa = PBXFileReference; lastKnownFileType = sourcecode.swift; path = JSONFileDocument.swift; sourceTree = "<group>"; };
		6C8EA1AAC376266D445DC85F /* phrases.db */ = {isa = PBXFileReference; lastKnownFileType = file; path = phrases.db; sourceTree = "<group>"; };
		72B5F27805929C40BDB2DE8C /* PaywallView.swift */ = {isa = PBXFileReference; lastKnownFileType = sourcecode.swift; path = PaywallView.swift; sourceTree = "<group>"; };
		850000002F9D0001001B9AA7 /* ComponentCharacterTile.swift */ = {isa = PBXFileReference; lastKnownFileType = sourcecode.swift; path = ComponentCharacterTile.swift; sourceTree = "<group>"; };
		850000022F9D0001001B9AA7 /* LightweightCharacterPreviewCard.swift */ = {isa = PBXFileReference; lastKnownFileType = sourcecode.swift; path = LightweightCharacterPreviewCard.swift; sourceTree = "<group>"; };
		850000042F9D0001001B9AA7 /* PopoverSizingModifiers.swift */ = {isa = PBXFileReference; lastKnownFileType = sourcecode.swift; path = PopoverSizingModifiers.swift; sourceTree = "<group>"; };
		850000062F9D0001001B9AA7 /* ComponentsRootsPopover.swift */ = {isa = PBXFileReference; lastKnownFileType = sourcecode.swift; path = ComponentsRootsPopover.swift; sourceTree = "<group>"; };
		388A8F4F14262C3C3E616C1B /* CharacterPhraseLookupSection.swift */ = {isa = PBXFileReference; lastKnownFileType = sourcecode.swift; path = CharacterPhraseLookupSection.swift; sourceTree = "<group>"; };
		82ECAD9B3AAD305D57B1CC85 /* CharacterInfoCardActions.swift */ = {isa = PBXFileReference; lastKnownFileType = sourcecode.swift; path = CharacterInfoCardActions.swift; sourceTree = "<group>"; };
		864DAB752F93ADA3001B9AA7 /* ComponentRepository.swift */ = {isa = PBXFileReference; lastKnownFileType = sourcecode.swift; path = ComponentRepository.swift; sourceTree = "<group>"; };
		864DAB872F93B701001B9AA7 /* RadixStore.swift */ = {isa = PBXFileReference; lastKnownFileType = sourcecode.swift; path = RadixStore.swift; sourceTree = "<group>"; };
		864DAB892F93B722001B9AA7 /* PhraseRepository.swift */ = {isa = PBXFileReference; lastKnownFileType = sourcecode.swift; path = PhraseRepository.swift; sourceTree = "<group>"; };
		864DAB8F2F93BD51001B9AA7 /* CharacterPreviewHeader.swift */ = {isa = PBXFileReference; lastKnownFileType = sourcecode.swift; path = CharacterPreviewHeader.swift; sourceTree = "<group>"; };
		864DAB952F93C022001B9AA7 /* BinaryFileDocument.swift */ = {isa = PBXFileReference; lastKnownFileType = sourcecode.swift; path = BinaryFileDocument.swift; sourceTree = "<group>"; };
		864DAB982F9A0001001B9AA7 /* StrokeAnimationProvider.swift */ = {isa = PBXFileReference; lastKnownFileType = sourcecode.swift; path = StrokeAnimationProvider.swift; sourceTree = "<group>"; };
		864DAB9A2F9B0001001B9AA7 /* OpenSourceLicensesView.swift */ = {isa = PBXFileReference; lastKnownFileType = sourcecode.swift; path = OpenSourceLicensesView.swift; sourceTree = "<group>"; };
		864DAB9D2F9B0001001B9AA7 /* Licenses */ = {isa = PBXFileReference; lastKnownFileType = folder; path = Licenses; sourceTree = "<group>"; };
		864DABAC2F9B0001001B9AA7 /* SettingsView.swift */ = {isa = PBXFileReference; lastKnownFileType = sourcecode.swift; path = SettingsView.swift; sourceTree = "<group>"; };
		864DABAD2F9B0001001B9AA7 /* CreditsView.swift */ = {isa = PBXFileReference; lastKnownFileType = sourcecode.swift; path = CreditsView.swift; sourceTree = "<group>"; };
		864DABAE2F9B0001001B9AA7 /* LicenseTextLoader.swift */ = {isa = PBXFileReference; lastKnownFileType = sourcecode.swift; path = LicenseTextLoader.swift; sourceTree = "<group>"; };
		86CD14342F9822B300D7BDBD /* AddPhrasesFileDocument.swift */ = {isa = PBXFileReference; lastKnownFileType = sourcecode.swift; path = AddPhrasesFileDocument.swift; sourceTree = "<group>"; };
		86CD14352F9822B300D7BDBD /* AppleStrokeViews.swift */ = {isa = PBXFileReference; lastKnownFileType = sourcecode.swift; path = AppleStrokeViews.swift; sourceTree = "<group>"; };
		86CD14362F9822B300D7BDBD /* BreadcrumbStrip.swift */ = {isa = PBXFileReference; lastKnownFileType = sourcecode.swift; path = BreadcrumbStrip.swift; sourceTree = "<group>"; };
		86CD14372F9822B300D7BDBD /* DataEditTab.swift */ = {isa = PBXFileReference; lastKnownFileType = sourcecode.swift; path = DataEditTab.swift; sourceTree = "<group>"; };
		86CD14382F9822B300D7BDBD /* FavouritesTab.swift */ = {isa = PBXFileReference; lastKnownFileType = sourcecode.swift; path = FavouritesTab.swift; sourceTree = "<group>"; };
		86CD14392F9822B300D7BDBD /* FileTransferModifier.swift */ = {isa = PBXFileReference; lastKnownFileType = sourcecode.swift; path = FileTransferModifier.swift; sourceTree = "<group>"; };
		86CD143A2F9822B300D7BDBD /* FilterGridTab.swift */ = {isa = PBXFileReference; lastKnownFileType = sourcecode.swift; path = FilterGridTab.swift; sourceTree = "<group>"; };
		850000152F9D0001001B9AA7 /* BrowseSourceMenuViews.swift */ = {isa = PBXFileReference; lastKnownFileType = sourcecode.swift; path = BrowseSourceMenuViews.swift; sourceTree = "<group>"; };
		86CD143B2F9822B300D7BDBD /* QuickEditSheets.swift */ = {isa = PBXFileReference; lastKnownFileType = sourcecode.swift; path = QuickEditSheets.swift; sourceTree = "<group>"; };
		850000192F9D0001001B9AA7 /* QuickEditFieldRows.swift */ = {isa = PBXFileReference; lastKnownFileType = sourcecode.swift; path = QuickEditFieldRows.swift; sourceTree = "<group>"; };
		86CD143C2F9822B300D7BDBD /* RootView.swift */ = {isa = PBXFileReference; lastKnownFileType = sourcecode.swift; path = RootView.swift; sourceTree = "<group>"; };
		86CD143D2F9822B300D7BDBD /* SmartResultsGrid.swift */ = {isa = PBXFileReference; lastKnownFileType = sourcecode.swift; path = SmartResultsGrid.swift; sourceTree = "<group>"; };
		86CD143E2F9822B300D7BDBD /* SmartSearchTab.swift */ = {isa = PBXFileReference; lastKnownFileType = sourcecode.swift; path = SmartSearchTab.swift; sourceTree = "<group>"; };
		86CD143F2F9822B300D7BDBD /* StrokeRangeSlider.swift */ = {isa = PBXFileReference; lastKnownFileType = sourcecode.swift; path = StrokeRangeSlider.swift; sourceTree = "<group>"; };
		86CD14592F9822B300D7BDBD /* CapturePhraseDiscoveryModels.swift */ = {isa = PBXFileReference; lastKnownFileType = sourcecode.swift; path = CapturePhraseDiscoveryModels.swift; sourceTree = "<group>"; };
		86CD145B2F9822B300D7BDBD /* CameraCaptureView.swift */ = {isa = PBXFileReference; lastKnownFileType = sourcecode.swift; path = CameraCaptureView.swift; sourceTree = "<group>"; };
		86CD145C2F9822B300D7BDBD /* CapturePhraseDiscoveryViews.swift */ = {isa = PBXFileReference; lastKnownFileType = sourcecode.swift; path = CapturePhraseDiscoveryViews.swift; sourceTree = "<group>"; };
		86CD145E2F9822B300D7BDBD /* PasteCollectionSheet.swift */ = {isa = PBXFileReference; lastKnownFileType = sourcecode.swift; path = PasteCollectionSheet.swift; sourceTree = "<group>"; };
		86CD14602F9822B300D7BDBD /* CaptureWorkbenchViews.swift */ = {isa = PBXFileReference; lastKnownFileType = sourcecode.swift; path = CaptureWorkbenchViews.swift; sourceTree = "<group>"; };
		86CD14622F9822B300D7BDBD /* DataBackupPreviewSection.swift */ = {isa = PBXFileReference; lastKnownFileType = sourcecode.swift; path = DataBackupPreviewSection.swift; sourceTree = "<group>"; };
		850000172F9D0001001B9AA7 /* DataBackupPreviewRows.swift */ = {isa = PBXFileReference; lastKnownFileType = sourcecode.swift; path = DataBackupPreviewRows.swift; sourceTree = "<group>"; };
		86CD14642F9822B300D7BDBD /* DataChangedDictionarySection.swift */ = {isa = PBXFileReference; lastKnownFileType = sourcecode.swift; path = DataChangedDictionarySection.swift; sourceTree = "<group>"; };
		86CD14662F9822B300D7BDBD /* DataChangedPhrasesSection.swift */ = {isa = PBXFileReference; lastKnownFileType = sourcecode.swift; path = DataChangedPhrasesSection.swift; sourceTree = "<group>"; };
		86CD14682F9822B300D7BDBD /* DataAITemplatesSection.swift */ = {isa = PBXFileReference; lastKnownFileType = sourcecode.swift; path = DataAITemplatesSection.swift; sourceTree = "<group>"; };
		8500001B2F9D0001001B9AA7 /* CharacterPreviewAnimationPanel.swift */ = {isa = PBXFileReference; lastKnownFileType = sourcecode.swift; path = CharacterPreviewAnimationPanel.swift; sourceTree = "<group>"; };
		8500001D2F9D0001001B9AA7 /* PhraseTableSheet.swift */ = {isa = PBXFileReference; lastKnownFileType = sourcecode.swift; path = PhraseTableSheet.swift; sourceTree = "<group>"; };
		8500001F2F9D0001001B9AA7 /* CharacterAnimationSharing.swift */ = {isa = PBXFileReference; lastKnownFileType = sourcecode.swift; path = CharacterAnimationSharing.swift; sourceTree = "<group>"; };
		850000212F9D0001001B9AA7 /* CharacterContextMenus.swift */ = {isa = PBXFileReference; lastKnownFileType = sourcecode.swift; path = CharacterContextMenus.swift; sourceTree = "<group>"; };
		850000232F9D0001001B9AA7 /* AddPhraseSheet.swift */ = {isa = PBXFileReference; lastKnownFileType = sourcecode.swift; path = AddPhraseSheet.swift; sourceTree = "<group>"; };
		850000252F9D0001001B9AA7 /* InteractionHintRow.swift */ = {isa = PBXFileReference; lastKnownFileType = sourcecode.swift; path = InteractionHintRow.swift; sourceTree = "<group>"; };
		850000272F9D0001001B9AA7 /* BrowseGridComponents.swift */ = {isa = PBXFileReference; lastKnownFileType = sourcecode.swift; path = BrowseGridComponents.swift; sourceTree = "<group>"; };
		850000292F9D0001001B9AA7 /* BrowseFiltersSheet.swift */ = {isa = PBXFileReference; lastKnownFileType = sourcecode.swift; path = BrowseFiltersSheet.swift; sourceTree = "<group>"; };
		8500002B2F9D0001001B9AA7 /* BrowseCollectionSheets.swift */ = {isa = PBXFileReference; lastKnownFileType = sourcecode.swift; path = BrowseCollectionSheets.swift; sourceTree = "<group>"; };
		8500002D2F9D0001001B9AA7 /* BrowsePhonePreview.swift */ = {isa = PBXFileReference; lastKnownFileType = sourcecode.swift; path = BrowsePhonePreview.swift; sourceTree = "<group>"; };
		8500002F2F9D0001001B9AA7 /* CharacterInfoCardSupport.swift */ = {isa = PBXFileReference; lastKnownFileType = sourcecode.swift; path = CharacterInfoCardSupport.swift; sourceTree = "<group>"; };
		850000312F9D0001001B9AA7 /* DataEditExportSupport.swift */ = {isa = PBXFileReference; lastKnownFileType = sourcecode.swift; path = DataEditExportSupport.swift; sourceTree = "<group>"; };
		850000332F9D0001001B9AA7 /* RootViewSupport.swift */ = {isa = PBXFileReference; lastKnownFileType = sourcecode.swift; path = RootViewSupport.swift; sourceTree = "<group>"; };
		850000352F9D0001001B9AA7 /* ComponentsExplorerShell.swift */ = {isa = PBXFileReference; lastKnownFileType = sourcecode.swift; path = ComponentsExplorerShell.swift; sourceTree = "<group>"; };
		850000372F9D0001001B9AA7 /* QuickPhraseEditorView.swift */ = {isa = PBXFileReference; lastKnownFileType = sourcecode.swift; path = QuickPhraseEditorView.swift; sourceTree = "<group>"; };
		850000392F9D0001001B9AA7 /* QuickCharacterEditorView.swift */ = {isa = PBXFileReference; lastKnownFileType = sourcecode.swift; path = QuickCharacterEditorView.swift; sourceTree = "<group>"; };
		8500003B2F9D0001001B9AA7 /* StoredZipArchive.swift */ = {isa = PBXFileReference; lastKnownFileType = sourcecode.swift; path = StoredZipArchive.swift; sourceTree = "<group>"; };
		8500003D2F9D0001001B9AA7 /* PinyinSearchNormalizer.swift */ = {isa = PBXFileReference; lastKnownFileType = sourcecode.swift; path = PinyinSearchNormalizer.swift; sourceTree = "<group>"; };
		8500003F2F9D0001001B9AA7 /* StrokeSynthesisSupport.swift */ = {isa = PBXFileReference; lastKnownFileType = sourcecode.swift; path = StrokeSynthesisSupport.swift; sourceTree = "<group>"; };
		850000412F9D0001001B9AA7 /* StrokeRepositories.swift */ = {isa = PBXFileReference; lastKnownFileType = sourcecode.swift; path = StrokeRepositories.swift; sourceTree = "<group>"; };
		850000432F9D0001001B9AA7 /* ProjectLiveDataLocator.swift */ = {isa = PBXFileReference; lastKnownFileType = sourcecode.swift; path = ProjectLiveDataLocator.swift; sourceTree = "<group>"; };
		850000452F9D0001001B9AA7 /* StrokeSynthesisEngine.swift */ = {isa = PBXFileReference; lastKnownFileType = sourcecode.swift; path = StrokeSynthesisEngine.swift; sourceTree = "<group>"; };
		850000472F9D0001001B9AA7 /* DataExportDatabaseBuilder.swift */ = {isa = PBXFileReference; lastKnownFileType = sourcecode.swift; path = DataExportDatabaseBuilder.swift; sourceTree = "<group>"; };
		850000492F9D0001001B9AA7 /* DataExportArchiveBuilder.swift */ = {isa = PBXFileReference; lastKnownFileType = sourcecode.swift; path = DataExportArchiveBuilder.swift; sourceTree = "<group>"; };
		8500004B2F9D0001001B9AA7 /* ScriptTextConverter.swift */ = {isa = PBXFileReference; lastKnownFileType = sourcecode.swift; path = ScriptTextConverter.swift; sourceTree = "<group>"; };
		8500004D2F9D0001001B9AA7 /* PhraseAddDatabaseLocationManager.swift */ = {isa = PBXFileReference; lastKnownFileType = sourcecode.swift; path = PhraseAddDatabaseLocationManager.swift; sourceTree = "<group>"; };
		8500004F2F9D0001001B9AA7 /* PhraseAddDatabaseSchema.swift */ = {isa = PBXFileReference; lastKnownFileType = sourcecode.swift; path = PhraseAddDatabaseSchema.swift; sourceTree = "<group>"; };
		850000512F9D0001001B9AA7 /* PhrasePinyinSearchIndex.swift */ = {isa = PBXFileReference; lastKnownFileType = sourcecode.swift; path = PhrasePinyinSearchIndex.swift; sourceTree = "<group>"; };
		850000532F9D0002001B9AA7 /* PhraseQueryRunner.swift */ = {isa = PBXFileReference; lastKnownFileType = sourcecode.swift; path = PhraseQueryRunner.swift; sourceTree = "<group>"; };
		850000532F9D0001001B9AA7 /* ComponentScriptClassifier.swift */ = {isa = PBXFileReference; lastKnownFileType = sourcecode.swift; path = ComponentScriptClassifier.swift; sourceTree = "<group>"; };
		850000552F9D0001001B9AA7 /* ComponentDecompositionParser.swift */ = {isa = PBXFileReference; lastKnownFileType = sourcecode.swift; path = ComponentDecompositionParser.swift; sourceTree = "<group>"; };
		850000572F9D0001001B9AA7 /* ComponentOverlayBuilder.swift */ = {isa = PBXFileReference; lastKnownFileType = sourcecode.swift; path = ComponentOverlayBuilder.swift; sourceTree = "<group>"; };
		850000592F9D0001001B9AA7 /* ComponentFrequencyProvider.swift */ = {isa = PBXFileReference; lastKnownFileType = sourcecode.swift; path = ComponentFrequencyProvider.swift; sourceTree = "<group>"; };
		8500005B2F9D0001001B9AA7 /* ComponentIndexBuilder.swift */ = {isa = PBXFileReference; lastKnownFileType = sourcecode.swift; path = ComponentIndexBuilder.swift; sourceTree = "<group>"; };
		8500005D2F9D0001001B9AA7 /* ComponentSearchEngine.swift */ = {isa = PBXFileReference; lastKnownFileType = sourcecode.swift; path = ComponentSearchEngine.swift; sourceTree = "<group>"; };
		8500005F2F9D0001001B9AA7 /* StrokePathTransformer.swift */ = {isa = PBXFileReference; lastKnownFileType = sourcecode.swift; path = StrokePathTransformer.swift; sourceTree = "<group>"; };
		850000612F9D0001001B9AA7 /* StrokeIDSParser.swift */ = {isa = PBXFileReference; lastKnownFileType = sourcecode.swift; path = StrokeIDSParser.swift; sourceTree = "<group>"; };
		850000632F9D0001001B9AA7 /* REFACTOR_STATUS.md */ = {isa = PBXFileReference; lastKnownFileType = net.daringfireball.markdown; path = REFACTOR_STATUS.md; sourceTree = "<group>"; };
		911F85BE195D61BDA4442400 /* PhraseModels.swift */ = {isa = PBXFileReference; lastKnownFileType = sourcecode.swift; path = PhraseModels.swift; sourceTree = "<group>"; };
		850000092F9D0001001B9AA7 /* BrowseGridLayout.swift */ = {isa = PBXFileReference; lastKnownFileType = sourcecode.swift; path = BrowseGridLayout.swift; sourceTree = "<group>"; };
		8500000B2F9D0001001B9AA7 /* RadixStoreExtractedHelpers.swift */ = {isa = PBXFileReference; lastKnownFileType = sourcecode.swift; path = RadixStoreExtractedHelpers.swift; sourceTree = "<group>"; };
		8500000D2F9D0003001B9AA7 /* RadixStoreCollections.swift */ = {isa = PBXFileReference; lastKnownFileType = sourcecode.swift; path = RadixStoreCollections.swift; sourceTree = "<group>"; };
		8500000F2F9D0004001B9AA7 /* RadixStorePrompts.swift */ = {isa = PBXFileReference; lastKnownFileType = sourcecode.swift; path = RadixStorePrompts.swift; sourceTree = "<group>"; };
		850000112F9D0005001B9AA7 /* RadixStoreFavorites.swift */ = {isa = PBXFileReference; lastKnownFileType = sourcecode.swift; path = RadixStoreFavorites.swift; sourceTree = "<group>"; };
		850000132F9D0006001B9AA7 /* RadixStorePhraseFile.swift */ = {isa = PBXFileReference; lastKnownFileType = sourcecode.swift; path = RadixStorePhraseFile.swift; sourceTree = "<group>"; };
		850000152F9D0007001B9AA7 /* RadixStoreDataEdit.swift */ = {isa = PBXFileReference; lastKnownFileType = sourcecode.swift; path = RadixStoreDataEdit.swift; sourceTree = "<group>"; };
		850000172F9D0008001B9AA7 /* RadixStoreSearch.swift */ = {isa = PBXFileReference; lastKnownFileType = sourcecode.swift; path = RadixStoreSearch.swift; sourceTree = "<group>"; };
		850000192F9D0009001B9AA7 /* RadixStoreNavigation.swift */ = {isa = PBXFileReference; lastKnownFileType = sourcecode.swift; path = RadixStoreNavigation.swift; sourceTree = "<group>"; };
		8500001B2F9D000A001B9AA7 /* RadixStoreImagePhrase.swift */ = {isa = PBXFileReference; lastKnownFileType = sourcecode.swift; path = RadixStoreImagePhrase.swift; sourceTree = "<group>"; };
		8500001D2F9D000B001B9AA7 /* RadixStoreRootsBreadcrumb.swift */ = {isa = PBXFileReference; lastKnownFileType = sourcecode.swift; path = RadixStoreRootsBreadcrumb.swift; sourceTree = "<group>"; };
		8500001F2F9D000C001B9AA7 /* RadixStoreRootsCache.swift */ = {isa = PBXFileReference; lastKnownFileType = sourcecode.swift; path = RadixStoreRootsCache.swift; sourceTree = "<group>"; };
		850000212F9D000D001B9AA7 /* RadixStoreDataEditHelpers.swift */ = {isa = PBXFileReference; lastKnownFileType = sourcecode.swift; path = RadixStoreDataEditHelpers.swift; sourceTree = "<group>"; };
		850000232F9D000E001B9AA7 /* RadixStoreAI.swift */ = {isa = PBXFileReference; lastKnownFileType = sourcecode.swift; path = RadixStoreAI.swift; sourceTree = "<group>"; };
		850000252F9D000F001B9AA7 /* RadixStoreGrid.swift */ = {isa = PBXFileReference; lastKnownFileType = sourcecode.swift; path = RadixStoreGrid.swift; sourceTree = "<group>"; };
		8500000D2F9D0001001B9AA7 /* BackupSummaryBuilder.swift */ = {isa = PBXFileReference; lastKnownFileType = sourcecode.swift; path = BackupSummaryBuilder.swift; sourceTree = "<group>"; };
		8500000F2F9D0001001B9AA7 /* ImagePhraseMatcher.swift */ = {isa = PBXFileReference; lastKnownFileType = sourcecode.swift; path = ImagePhraseMatcher.swift; sourceTree = "<group>"; };
		850000112F9D0001001B9AA7 /* CharacterSpeechService.swift */ = {isa = PBXFileReference; lastKnownFileType = sourcecode.swift; path = CharacterSpeechService.swift; sourceTree = "<group>"; };
		850000132F9D0001001B9AA7 /* PhraseEditService.swift */ = {isa = PBXFileReference; lastKnownFileType = sourcecode.swift; path = PhraseEditService.swift; sourceTree = "<group>"; };
		AB37C9B2A3908035B4225770 /* UnifiedPackage.swift */ = {isa = PBXFileReference; lastKnownFileType = sourcecode.swift; path = UnifiedPackage.swift; sourceTree = "<group>"; };
		B3E1E5265391156C8C615A28 /* ResponsiveFont.swift */ = {isa = PBXFileReference; lastKnownFileType = sourcecode.swift; path = ResponsiveFont.swift; sourceTree = "<group>"; };
		BD0FD27099E93C0B3DBCC55A /* AILinkView.swift */ = {isa = PBXFileReference; lastKnownFileType = sourcecode.swift; path = AILinkView.swift; sourceTree = "<group>"; };
		BF7695C55BB9AFAA1CDFEB58 /* ComponentModels.swift */ = {isa = PBXFileReference; lastKnownFileType = sourcecode.swift; path = ComponentModels.swift; sourceTree = "<group>"; };
		C94D867F618771FE33C19738 /* enhanced_component_map_with_etymology.json */ = {isa = PBXFileReference; lastKnownFileType = text.json; path = enhanced_component_map_with_etymology.json; sourceTree = "<group>"; };
		CD17FEE8A50EC8A49C37A2FF /* CharacterDetailView.swift */ = {isa = PBXFileReference; lastKnownFileType = sourcecode.swift; path = CharacterDetailView.swift; sourceTree = "<group>"; };
		D1C7DBD97423A0CB1563CC5D /* CharacterInfoCard.swift */ = {isa = PBXFileReference; lastKnownFileType = sourcecode.swift; path = CharacterInfoCard.swift; sourceTree = "<group>"; };
		D355D0DC4BFD564CD930A664 /* SUBTLEX-CH-CHR.txt */ = {isa = PBXFileReference; lastKnownFileType = text; path = "SUBTLEX-CH-CHR.txt"; sourceTree = "<group>"; };
		E9C3F33A9386C399BF9BA6BD /* subtlex_freq.json */ = {isa = PBXFileReference; lastKnownFileType = text.json; path = subtlex_freq.json; sourceTree = "<group>"; };
		F62C2C812BDCE5C4161C8606 /* UserProfile.swift */ = {isa = PBXFileReference; lastKnownFileType = sourcecode.swift; path = UserProfile.swift; sourceTree = "<group>"; };
		FE458C28CB5A171806D57DB0 /* Radix.app */ = {isa = PBXFileReference; explicitFileType = wrapper.application; includeInIndex = 0; path = Radix.app; sourceTree = BUILT_PRODUCTS_DIR; };
/* End PBXFileReference section */

/* Begin PBXGroup section */
		197EE4EEA5B7FCD70360981B /* App */ = {
			isa = PBXGroup;
			children = (
				0AD6667A0050D42F3CEC06E1 /* RadixApp.swift */,
				86CD14342F9822B300D7BDBD /* AddPhrasesFileDocument.swift */,
				86CD14352F9822B300D7BDBD /* AppleStrokeViews.swift */,
				86CD14362F9822B300D7BDBD /* BreadcrumbStrip.swift */,
				86CD145B2F9822B300D7BDBD /* CameraCaptureView.swift */,
				86CD14592F9822B300D7BDBD /* CapturePhraseDiscoveryModels.swift */,
				86CD145C2F9822B300D7BDBD /* CapturePhraseDiscoveryViews.swift */,
				167CA0072F9C0001001B9AA7 /* CaptureTab.swift */,
				86CD14602F9822B300D7BDBD /* CaptureWorkbenchViews.swift */,
				86CD145E2F9822B300D7BDBD /* PasteCollectionSheet.swift */,
				86CD14622F9822B300D7BDBD /* DataBackupPreviewSection.swift */,
				850000172F9D0001001B9AA7 /* DataBackupPreviewRows.swift */,
				86CD14682F9822B300D7BDBD /* DataAITemplatesSection.swift */,
				86CD14642F9822B300D7BDBD /* DataChangedDictionarySection.swift */,
				86CD14662F9822B300D7BDBD /* DataChangedPhrasesSection.swift */,
				86CD14372F9822B300D7BDBD /* DataEditTab.swift */,
				850000312F9D0001001B9AA7 /* DataEditExportSupport.swift */,
				86CD14382F9822B300D7BDBD /* FavouritesTab.swift */,
				86CD14392F9822B300D7BDBD /* FileTransferModifier.swift */,
				86CD143A2F9822B300D7BDBD /* FilterGridTab.swift */,
				850000152F9D0001001B9AA7 /* BrowseSourceMenuViews.swift */,
				86CD143B2F9822B300D7BDBD /* QuickEditSheets.swift */,
				850000192F9D0001001B9AA7 /* QuickEditFieldRows.swift */,
				850000392F9D0001001B9AA7 /* QuickCharacterEditorView.swift */,
				850000372F9D0001001B9AA7 /* QuickPhraseEditorView.swift */,
				86CD143C2F9822B300D7BDBD /* RootView.swift */,
				850000332F9D0001001B9AA7 /* RootViewSupport.swift */,
				86CD143D2F9822B300D7BDBD /* SmartResultsGrid.swift */,
				86CD143E2F9822B300D7BDBD /* SmartSearchTab.swift */,
				86CD143F2F9822B300D7BDBD /* StrokeRangeSlider.swift */,
			);
			path = App;
			sourceTree = "<group>";
		};
		3A87FC368D89F1E137FE85B5 /* Products */ = {
			isa = PBXGroup;
			children = (
				FE458C28CB5A171806D57DB0 /* Radix.app */,
			);
			name = Products;
			sourceTree = "<group>";
		};
		542027F30D578A00E438CB75 /* Services */ = {
			isa = PBXGroup;
			children = (
				864DAB952F93C022001B9AA7 /* BinaryFileDocument.swift */,
				864DAB892F93B722001B9AA7 /* PhraseRepository.swift */,
				8500004D2F9D0001001B9AA7 /* PhraseAddDatabaseLocationManager.swift */,
				8500004F2F9D0001001B9AA7 /* PhraseAddDatabaseSchema.swift */,
				850000512F9D0001001B9AA7 /* PhrasePinyinSearchIndex.swift */,
				850000532F9D0002001B9AA7 /* PhraseQueryRunner.swift */,
				864DAB752F93ADA3001B9AA7 /* ComponentRepository.swift */,
				850000532F9D0001001B9AA7 /* ComponentScriptClassifier.swift */,
				850000552F9D0001001B9AA7 /* ComponentDecompositionParser.swift */,
				850000572F9D0001001B9AA7 /* ComponentOverlayBuilder.swift */,
				850000592F9D0001001B9AA7 /* ComponentFrequencyProvider.swift */,
				8500005B2F9D0001001B9AA7 /* ComponentIndexBuilder.swift */,
				8500005D2F9D0001001B9AA7 /* ComponentSearchEngine.swift */,
				167CA0042F9C0001001B9AA7 /* CaptureOCRService.swift */,
				864DAB982F9A0001001B9AA7 /* StrokeAnimationProvider.swift */,
				850000412F9D0001001B9AA7 /* StrokeRepositories.swift */,
				8500003F2F9D0001001B9AA7 /* StrokeSynthesisSupport.swift */,
				850000452F9D0001001B9AA7 /* StrokeSynthesisEngine.swift */,
				8500005F2F9D0001001B9AA7 /* StrokePathTransformer.swift */,
				850000612F9D0001001B9AA7 /* StrokeIDSParser.swift */,
				864DABAE2F9B0001001B9AA7 /* LicenseTextLoader.swift */,
				5638FC4C06278901129EF9DF /* DataExportService.swift */,
				850000472F9D0001001B9AA7 /* DataExportDatabaseBuilder.swift */,
				850000492F9D0001001B9AA7 /* DataExportArchiveBuilder.swift */,
				8500003B2F9D0001001B9AA7 /* StoredZipArchive.swift */,
				850000432F9D0001001B9AA7 /* ProjectLiveDataLocator.swift */,
				8500004B2F9D0001001B9AA7 /* ScriptTextConverter.swift */,
				4559296FCA5B2061336BA302 /* EntitlementManager.swift */,
				850000112F9D0001001B9AA7 /* CharacterSpeechService.swift */,
				850000132F9D0001001B9AA7 /* PhraseEditService.swift */,
				6C168A03A00D507535219249 /* JSONFileDocument.swift */,
			);
			path = Services;
			sourceTree = "<group>";
		};
		5DCDECA1962ED656F6A36FBA /* Models */ = {
			isa = PBXGroup;
			children = (
				BF7695C55BB9AFAA1CDFEB58 /* ComponentModels.swift */,
				167CA0002F9C0001001B9AA7 /* CaptureModels.swift */,
				911F85BE195D61BDA4442400 /* PhraseModels.swift */,
				1223C8F12F180001001B9AA7 /* PhraseContextRanker.swift */,
				850000092F9D0001001B9AA7 /* BrowseGridLayout.swift */,
				8500000B2F9D0001001B9AA7 /* RadixStoreExtractedHelpers.swift */,
				8500000D2F9D0001001B9AA7 /* BackupSummaryBuilder.swift */,
				8500000F2F9D0001001B9AA7 /* ImagePhraseMatcher.swift */,
				8500003D2F9D0001001B9AA7 /* PinyinSearchNormalizer.swift */,
				6AFF92F2BA13EBA1A3A64D44 /* PromptModels.swift */,
				B3E1E5265391156C8C615A28 /* ResponsiveFont.swift */,
				AB37C9B2A3908035B4225770 /* UnifiedPackage.swift */,
				F62C2C812BDCE5C4161C8606 /* UserProfile.swift */,
			);
			path = Models;
			sourceTree = "<group>";
		};
		A98EDF6A1BB4D5DBCEA05D43 /* Resources */ = {
			isa = PBXGroup;
			children = (
				5FB0197D42D52FA9A72F4B24 /* Assets.xcassets */,
				51F6A1B6C8E94D3BA2F0D645 /* character_strokes.db */,
				0622B2A27B86C5D0640BDCF3 /* hanzi-writer.min.js */,
				864DAB9D2F9B0001001B9AA7 /* Licenses */,
				E9C3F33A9386C399BF9BA6BD /* subtlex_freq.json */,
			);
			path = Resources;
			sourceTree = "<group>";
		};
		D05A58803F821C8C3F50E993 = {
			isa = PBXGroup;
			children = (
				850000632F9D0001001B9AA7 /* REFACTOR_STATUS.md */,
				C94D867F618771FE33C19738 /* enhanced_component_map_with_etymology.json */,
				6C8EA1AAC376266D445DC85F /* phrases.db */,
				D355D0DC4BFD564CD930A664 /* SUBTLEX-CH-CHR.txt */,
				197EE4EEA5B7FCD70360981B /* App */,
				5DCDECA1962ED656F6A36FBA /* Models */,
				A98EDF6A1BB4D5DBCEA05D43 /* Resources */,
				542027F30D578A00E438CB75 /* Services */,
				E8D79C478F82A7AAB7CC0952 /* ViewModels */,
				DE7A3CE0C7ED411F48530753 /* Views */,
				3A87FC368D89F1E137FE85B5 /* Products */,
			);
			sourceTree = "<group>";
		};
		DE7A3CE0C7ED411F48530753 /* Views */ = {
			isa = PBXGroup;
			children = (
				864DAB8F2F93BD51001B9AA7 /* CharacterPreviewHeader.swift */,
				8500001B2F9D0001001B9AA7 /* CharacterPreviewAnimationPanel.swift */,
				8500001D2F9D0001001B9AA7 /* PhraseTableSheet.swift */,
				8500001F2F9D0001001B9AA7 /* CharacterAnimationSharing.swift */,
				850000212F9D0001001B9AA7 /* CharacterContextMenus.swift */,
				850000232F9D0001001B9AA7 /* AddPhraseSheet.swift */,
				850000252F9D0001001B9AA7 /* InteractionHintRow.swift */,
				850000272F9D0001001B9AA7 /* BrowseGridComponents.swift */,
				850000292F9D0001001B9AA7 /* BrowseFiltersSheet.swift */,
				8500002B2F9D0001001B9AA7 /* BrowseCollectionSheets.swift */,
				8500002D2F9D0001001B9AA7 /* BrowsePhonePreview.swift */,
				8500002F2F9D0001001B9AA7 /* CharacterInfoCardSupport.swift */,
				BD0FD27099E93C0B3DBCC55A /* AILinkView.swift */,
				864DABAC2F9B0001001B9AA7 /* SettingsView.swift */,
				864DABAD2F9B0001001B9AA7 /* CreditsView.swift */,
				CD17FEE8A50EC8A49C37A2FF /* CharacterDetailView.swift */,
				850000352F9D0001001B9AA7 /* ComponentsExplorerShell.swift */,
				D1C7DBD97423A0CB1563CC5D /* CharacterInfoCard.swift */,
				82ECAD9B3AAD305D57B1CC85 /* CharacterInfoCardActions.swift */,
				388A8F4F14262C3C3E616C1B /* CharacterPhraseLookupSection.swift */,
				850000062F9D0001001B9AA7 /* ComponentsRootsPopover.swift */,
				850000002F9D0001001B9AA7 /* ComponentCharacterTile.swift */,
				850000022F9D0001001B9AA7 /* LightweightCharacterPreviewCard.swift */,
				850000042F9D0001001B9AA7 /* PopoverSizingModifiers.swift */,
				864DAB9A2F9B0001001B9AA7 /* OpenSourceLicensesView.swift */,
				72B5F27805929C40BDB2DE8C /* PaywallView.swift */,
				59B2335DD9219C0F7B96DE43 /* StrokeOrderWebView.swift */,
			);
			path = Views;
			sourceTree = "<group>";
		};
		E8D79C478F82A7AAB7CC0952 /* ViewModels */ = {
			isa = PBXGroup;
			children = (
				864DAB872F93B701001B9AA7 /* RadixStore.swift */,
				8500000D2F9D0003001B9AA7 /* RadixStoreCollections.swift */,
				8500000F2F9D0004001B9AA7 /* RadixStorePrompts.swift */,
				850000112F9D0005001B9AA7 /* RadixStoreFavorites.swift */,
				850000132F9D0006001B9AA7 /* RadixStorePhraseFile.swift */,
				850000152F9D0007001B9AA7 /* RadixStoreDataEdit.swift */,
				850000172F9D0008001B9AA7 /* RadixStoreSearch.swift */,
				850000192F9D0009001B9AA7 /* RadixStoreNavigation.swift */,
				8500001B2F9D000A001B9AA7 /* RadixStoreImagePhrase.swift */,
				8500001D2F9D000B001B9AA7 /* RadixStoreRootsBreadcrumb.swift */,
				8500001F2F9D000C001B9AA7 /* RadixStoreRootsCache.swift */,
				850000212F9D000D001B9AA7 /* RadixStoreDataEditHelpers.swift */,
				850000232F9D000E001B9AA7 /* RadixStoreAI.swift */,
				850000252F9D000F001B9AA7 /* RadixStoreGrid.swift */,
			);
			path = ViewModels;
			sourceTree = "<group>";
		};
/* End PBXGroup section */

/* Begin PBXNativeTarget section */
		9A2C34EBA20C223705DFBC02 /* Radix */ = {
			isa = PBXNativeTarget;
			buildConfigurationList = B17A3600E92A6849A0796AAB /* Build configuration list for PBXNativeTarget "Radix" */;
			buildPhases = (
				A98166AD22AB71615EF42570 /* Sources */,
				DC829B36A87DBB4FC5DE819E /* Resources */,
			);
			buildRules = (
			);
			dependencies = (
			);
			name = Radix;
			packageProductDependencies = (
			);
			productName = Radix;
			productReference = FE458C28CB5A171806D57DB0 /* Radix.app */;
			productType = "com.apple.product-type.application";
		};
/* End PBXNativeTarget section */

/* Begin PBXProject section */
		871C4C9D88BC60EF19F37AD8 /* Project object */ = {
			isa = PBXProject;
			attributes = {
				BuildIndependentTargetsInParallel = YES;
				LastUpgradeCheck = 2640;
				TargetAttributes = {
					9A2C34EBA20C223705DFBC02 = {
						ProvisioningStyle = Automatic;
					};
				};
			};
			buildConfigurationList = 8587472B00C06F51B0399FAA /* Build configuration list for PBXProject "Radix" */;
			developmentRegion = en;
			hasScannedForEncodings = 0;
			knownRegions = (
				Base,
				en,
			);
			mainGroup = D05A58803F821C8C3F50E993;
			minimizedProjectReferenceProxies = 1;
			preferredProjectObjectVersion = 77;
			productRefGroup = 3A87FC368D89F1E137FE85B5 /* Products */;
			projectDirPath = "";
			projectRoot = "";
			targets = (
				9A2C34EBA20C223705DFBC02 /* Radix */,
			);
		};
/* End PBXProject section */

/* Begin PBXResourcesBuildPhase section */
		DC829B36A87DBB4FC5DE819E /* Resources */ = {
			isa = PBXResourcesBuildPhase;
			buildActionMask = 2147483647;
			files = (
				C0E52DFB3BB4B3CDE7E768D8 /* Assets.xcassets in Resources */,
				43E2AF8FCB18F25425CAFC3D /* SUBTLEX-CH-CHR.txt in Resources */,
				51F6A1B7C8E94D3BA2F0D645 /* character_strokes.db in Resources */,
				B0DE21C9E5CAC9EF465BFD96 /* enhanced_component_map_with_etymology.json in Resources */,
				859920E5386DA7A4254E2346 /* hanzi-writer.min.js in Resources */,
				864DAB9E2F9B0001001B9AA7 /* Licenses in Resources */,
				33BD34622FD7927FF5D00EDA /* phrases.db in Resources */,
				9D7AF752F6083FC689726598 /* subtlex_freq.json in Resources */,
			);
			runOnlyForDeploymentPostprocessing = 0;
		};
/* End PBXResourcesBuildPhase section */

/* Begin PBXSourcesBuildPhase section */
		A98166AD22AB71615EF42570 /* Sources */ = {
			isa = PBXSourcesBuildPhase;
			buildActionMask = 2147483647;
			files = (
				864DAB762F93ADA3001B9AA7 /* ComponentRepository.swift in Sources */,
				08FB8569C66966596551E0E2 /* AILinkView.swift in Sources */,
				EBB680C6944759A26C02D8FA /* CharacterDetailView.swift in Sources */,
				388A8F5014262C3C3E616C1B /* CharacterPhraseLookupSection.swift in Sources */,
				864DAB962F93C022001B9AA7 /* BinaryFileDocument.swift in Sources */,
				AB674F9317A0D00B5EFE5ED2 /* CharacterInfoCard.swift in Sources */,
				82ECAD9C3AAD305D57B1CC85 /* CharacterInfoCardActions.swift in Sources */,
				850000072F9D0001001B9AA7 /* ComponentsRootsPopover.swift in Sources */,
				850000012F9D0001001B9AA7 /* ComponentCharacterTile.swift in Sources */,
				850000032F9D0001001B9AA7 /* LightweightCharacterPreviewCard.swift in Sources */,
				850000052F9D0001001B9AA7 /* PopoverSizingModifiers.swift in Sources */,
				54A51BF66D66F0EB5BCB894C /* ComponentModels.swift in Sources */,
				DA63DDFD6499D503D37A05AF /* DataExportService.swift in Sources */,
				8500003C2F9D0001001B9AA7 /* StoredZipArchive.swift in Sources */,
				7D4B9955F84B9C520D7702E8 /* EntitlementManager.swift in Sources */,
				86CD14402F9822B300D7BDBD /* DataEditTab.swift in Sources */,
				86CD14412F9822B300D7BDBD /* FileTransferModifier.swift in Sources */,
				86CD14422F9822B300D7BDBD /* StrokeRangeSlider.swift in Sources */,
				86CD14432F9822B300D7BDBD /* QuickEditSheets.swift in Sources */,
				86CD14442F9822B300D7BDBD /* AppleStrokeViews.swift in Sources */,
				86CD14452F9822B300D7BDBD /* FavouritesTab.swift in Sources */,
				86CD14462F9822B300D7BDBD /* RootView.swift in Sources */,
				86CD14472F9822B300D7BDBD /* BreadcrumbStrip.swift in Sources */,
				86CD14482F9822B300D7BDBD /* SmartSearchTab.swift in Sources */,
				86CD14492F9822B300D7BDBD /* AddPhrasesFileDocument.swift in Sources */,
				86CD144A2F9822B300D7BDBD /* FilterGridTab.swift in Sources */,
				850000162F9D0001001B9AA7 /* BrowseSourceMenuViews.swift in Sources */,
				86CD144B2F9822B300D7BDBD /* SmartResultsGrid.swift in Sources */,
				86CD14582F9822B300D7BDBD /* CapturePhraseDiscoveryModels.swift in Sources */,
				86CD145A2F9822B300D7BDBD /* CameraCaptureView.swift in Sources */,
				86CD145D2F9822B300D7BDBD /* CapturePhraseDiscoveryViews.swift in Sources */,
				167CA0092F9C0001001B9AA7 /* CaptureTab.swift in Sources */,
				86CD14612F9822B300D7BDBD /* CaptureWorkbenchViews.swift in Sources */,
				86CD145F2F9822B300D7BDBD /* PasteCollectionSheet.swift in Sources */,
				86CD14632F9822B300D7BDBD /* DataBackupPreviewSection.swift in Sources */,
				850000182F9D0001001B9AA7 /* DataBackupPreviewRows.swift in Sources */,
				86CD14692F9822B300D7BDBD /* DataAITemplatesSection.swift in Sources */,
				86CD14652F9822B300D7BDBD /* DataChangedDictionarySection.swift in Sources */,
				86CD14672F9822B300D7BDBD /* DataChangedPhrasesSection.swift in Sources */,
				2CD095BC1FB95FF4971726EC /* JSONFileDocument.swift in Sources */,
				9D149A113D1A76187A94F606 /* PaywallView.swift in Sources */,
				FAA71A5526023B0DC933A1DE /* PhraseModels.swift in Sources */,
				1223C8F22F180001001B9AA7 /* PhraseContextRanker.swift in Sources */,
				8500000A2F9D0001001B9AA7 /* BrowseGridLayout.swift in Sources */,
				8500000C2F9D0001001B9AA7 /* RadixStoreExtractedHelpers.swift in Sources */,
				8500000E2F9D0003001B9AA7 /* RadixStoreCollections.swift in Sources */,
				850000102F9D0004001B9AA7 /* RadixStorePrompts.swift in Sources */,
				850000122F9D0005001B9AA7 /* RadixStoreFavorites.swift in Sources */,
				850000142F9D0006001B9AA7 /* RadixStorePhraseFile.swift in Sources */,
				850000162F9D0007001B9AA7 /* RadixStoreDataEdit.swift in Sources */,
				850000182F9D0008001B9AA7 /* RadixStoreSearch.swift in Sources */,
				8500001A2F9D0009001B9AA7 /* RadixStoreNavigation.swift in Sources */,
				8500001C2F9D000A001B9AA7 /* RadixStoreImagePhrase.swift in Sources */,
				8500001E2F9D000B001B9AA7 /* RadixStoreRootsBreadcrumb.swift in Sources */,
				850000202F9D000C001B9AA7 /* RadixStoreRootsCache.swift in Sources */,
				850000222F9D000D001B9AA7 /* RadixStoreDataEditHelpers.swift in Sources */,
				850000242F9D000E001B9AA7 /* RadixStoreAI.swift in Sources */,
				850000262F9D000F001B9AA7 /* RadixStoreGrid.swift in Sources */,
				8500000E2F9D0001001B9AA7 /* BackupSummaryBuilder.swift in Sources */,
				850000102F9D0001001B9AA7 /* ImagePhraseMatcher.swift in Sources */,
				8500003E2F9D0001001B9AA7 /* PinyinSearchNormalizer.swift in Sources */,
				167CA0032F9C0001001B9AA7 /* CaptureModels.swift in Sources */,
				864DAB902F93BD51001B9AA7 /* CharacterPreviewHeader.swift in Sources */,
				8500001C2F9D0001001B9AA7 /* CharacterPreviewAnimationPanel.swift in Sources */,
				8500001E2F9D0001001B9AA7 /* PhraseTableSheet.swift in Sources */,
				850000202F9D0001001B9AA7 /* CharacterAnimationSharing.swift in Sources */,
				850000222F9D0001001B9AA7 /* CharacterContextMenus.swift in Sources */,
				850000242F9D0001001B9AA7 /* AddPhraseSheet.swift in Sources */,
				850000262F9D0001001B9AA7 /* InteractionHintRow.swift in Sources */,
				850000282F9D0001001B9AA7 /* BrowseGridComponents.swift in Sources */,
				8500002A2F9D0001001B9AA7 /* BrowseFiltersSheet.swift in Sources */,
				8500002C2F9D0001001B9AA7 /* BrowseCollectionSheets.swift in Sources */,
				8500002E2F9D0001001B9AA7 /* BrowsePhonePreview.swift in Sources */,
				850000302F9D0001001B9AA7 /* CharacterInfoCardSupport.swift in Sources */,
				850000322F9D0001001B9AA7 /* DataEditExportSupport.swift in Sources */,
				850000342F9D0001001B9AA7 /* RootViewSupport.swift in Sources */,
				850000362F9D0001001B9AA7 /* ComponentsExplorerShell.swift in Sources */,
				850000382F9D0001001B9AA7 /* QuickPhraseEditorView.swift in Sources */,
				8500003A2F9D0001001B9AA7 /* QuickCharacterEditorView.swift in Sources */,
				864DAB9B2F9B0001001B9AA7 /* OpenSourceLicensesView.swift in Sources */,
				864DABAF2F9B0001001B9AA7 /* SettingsView.swift in Sources */,
				864DABB12F9B0001001B9AA7 /* CreditsView.swift in Sources */,
				864DABB32F9B0001001B9AA7 /* LicenseTextLoader.swift in Sources */,
				864DAB882F93B701001B9AA7 /* RadixStore.swift in Sources */,
				850000122F9D0001001B9AA7 /* CharacterSpeechService.swift in Sources */,
				850000142F9D0001001B9AA7 /* PhraseEditService.swift in Sources */,
				8500001A2F9D0001001B9AA7 /* QuickEditFieldRows.swift in Sources */,
				A05EBFC59DC951C9EFDB9FF9 /* PromptModels.swift in Sources */,
				CB360F3972D55FBFD1555152 /* RadixApp.swift in Sources */,
				864DAB8A2F93B722001B9AA7 /* PhraseRepository.swift in Sources */,
				6ABB3E4EB6475449496F9C71 /* ResponsiveFont.swift in Sources */,
				864DAB972F9A0001001B9AA7 /* StrokeAnimationProvider.swift in Sources */,
				850000422F9D0001001B9AA7 /* StrokeRepositories.swift in Sources */,
				850000402F9D0001001B9AA7 /* StrokeSynthesisSupport.swift in Sources */,
				850000442F9D0001001B9AA7 /* ProjectLiveDataLocator.swift in Sources */,
				850000462F9D0001001B9AA7 /* StrokeSynthesisEngine.swift in Sources */,
				850000602F9D0001001B9AA7 /* StrokePathTransformer.swift in Sources */,
				850000622F9D0001001B9AA7 /* StrokeIDSParser.swift in Sources */,
				850000482F9D0001001B9AA7 /* DataExportDatabaseBuilder.swift in Sources */,
				8500004A2F9D0001001B9AA7 /* DataExportArchiveBuilder.swift in Sources */,
				8500004C2F9D0001001B9AA7 /* ScriptTextConverter.swift in Sources */,
				8500004E2F9D0001001B9AA7 /* PhraseAddDatabaseLocationManager.swift in Sources */,
				850000502F9D0001001B9AA7 /* PhraseAddDatabaseSchema.swift in Sources */,
				850000522F9D0001001B9AA7 /* PhrasePinyinSearchIndex.swift in Sources */,
				850000542F9D0002001B9AA7 /* PhraseQueryRunner.swift in Sources */,
				850000542F9D0001001B9AA7 /* ComponentScriptClassifier.swift in Sources */,
				850000562F9D0001001B9AA7 /* ComponentDecompositionParser.swift in Sources */,
				850000582F9D0001001B9AA7 /* ComponentOverlayBuilder.swift in Sources */,
				8500005A2F9D0001001B9AA7 /* ComponentFrequencyProvider.swift in Sources */,
				8500005C2F9D0001001B9AA7 /* ComponentIndexBuilder.swift in Sources */,
				8500005E2F9D0001001B9AA7 /* ComponentSearchEngine.swift in Sources */,
				A2A5920563DDE95E066515ED /* StrokeOrderWebView.swift in Sources */,
				C0F73A1B704F91F0BB8E1C07 /* UnifiedPackage.swift in Sources */,
				167CA0062F9C0001001B9AA7 /* CaptureOCRService.swift in Sources */,
				CDE58FC9C241B89DA2A18538 /* UserProfile.swift in Sources */,
			);
			runOnlyForDeploymentPostprocessing = 0;
		};
/* End PBXSourcesBuildPhase section */

/* Begin XCBuildConfiguration section */
		98ECE75EC456EF7344033080 /* Debug */ = {
			isa = XCBuildConfiguration;
			buildSettings = {
				ASSETCATALOG_COMPILER_APPICON_NAME = AppIcon;
				ASSETCATALOG_COMPILER_GLOBAL_ACCENT_COLOR_NAME = AccentColor;
				CODE_SIGN_IDENTITY = "iPhone Developer";
				CODE_SIGN_STYLE = Automatic;
				CURRENT_PROJECT_VERSION = 1;
				DEVELOPMENT_TEAM = 7PSNWRPJ5B;
				GENERATE_INFOPLIST_FILE = YES;
				INFOPLIST_KEY_CFBundleDisplayName = Radix;
				INFOPLIST_KEY_CFBundleShortVersionString = "$(MARKETING_VERSION)";
				INFOPLIST_KEY_CFBundleVersion = "$(CURRENT_PROJECT_VERSION)";
				INFOPLIST_KEY_ITSAppUsesNonExemptEncryption = NO;
				INFOPLIST_KEY_NSCameraUsageDescription = "Radix uses the camera to capture Chinese text for character and phrase extraction.";
				INFOPLIST_KEY_UIApplicationSceneManifest_Generation = YES;
				INFOPLIST_KEY_UILaunchScreen_Generation = YES;
				INFOPLIST_KEY_UIRequiresFullScreen = NO;
				INFOPLIST_KEY_UISupportedInterfaceOrientations_iPad = "UIInterfaceOrientationPortrait UIInterfaceOrientationPortraitUpsideDown UIInterfaceOrientationLandscapeLeft UIInterfaceOrientationLandscapeRight";
				IPHONEOS_DEPLOYMENT_TARGET = 17.0;
				LD_RUNPATH_SEARCH_PATHS = (
					"$(inherited)",
					"@executable_path/Frameworks",
				);
				MARKETING_VERSION = 1.0.0;
				PRODUCT_BUNDLE_IDENTIFIER = com.desmond.radix;
				SDKROOT = iphoneos;
				SUPPORTS_MACCATALYST = YES;
				TARGETED_DEVICE_FAMILY = "1,2";
			};
			name = Debug;
		};
		9D4CC3658EF1156E588D0556 /* Release */ = {
			isa = XCBuildConfiguration;
			buildSettings = {
				ASSETCATALOG_COMPILER_APPICON_NAME = AppIcon;
				ASSETCATALOG_COMPILER_GLOBAL_ACCENT_COLOR_NAME = AccentColor;
				CODE_SIGN_IDENTITY = "iPhone Developer";
				CODE_SIGN_STYLE = Automatic;
				CURRENT_PROJECT_VERSION = 1;
				DEVELOPMENT_TEAM = 7PSNWRPJ5B;
				GENERATE_INFOPLIST_FILE = YES;
				INFOPLIST_KEY_CFBundleDisplayName = Radix;
				INFOPLIST_KEY_CFBundleShortVersionString = "$(MARKETING_VERSION)";
				INFOPLIST_KEY_CFBundleVersion = "$(CURRENT_PROJECT_VERSION)";
				INFOPLIST_KEY_ITSAppUsesNonExemptEncryption = NO;
				INFOPLIST_KEY_NSCameraUsageDescription = "Radix uses the camera to capture Chinese text for character and phrase extraction.";
				INFOPLIST_KEY_UIApplicationSceneManifest_Generation = YES;
				INFOPLIST_KEY_UILaunchScreen_Generation = YES;
				INFOPLIST_KEY_UIRequiresFullScreen = NO;
				INFOPLIST_KEY_UISupportedInterfaceOrientations_iPad = "UIInterfaceOrientationPortrait UIInterfaceOrientationPortraitUpsideDown UIInterfaceOrientationLandscapeLeft UIInterfaceOrientationLandscapeRight";
				IPHONEOS_DEPLOYMENT_TARGET = 17.0;
				LD_RUNPATH_SEARCH_PATHS = (
					"$(inherited)",
					"@executable_path/Frameworks",
				);
				MARKETING_VERSION = 1.0.0;
				PRODUCT_BUNDLE_IDENTIFIER = com.desmond.radix;
				SDKROOT = iphoneos;
				SUPPORTS_MACCATALYST = YES;
				TARGETED_DEVICE_FAMILY = "1,2";
			};
			name = Release;
		};
		AE785DDB4B15039504A4634F /* Release */ = {
			isa = XCBuildConfiguration;
			buildSettings = {
				ALWAYS_SEARCH_USER_PATHS = NO;
				CLANG_ANALYZER_NONNULL = YES;
				CLANG_ANALYZER_NUMBER_OBJECT_CONVERSION = YES_AGGRESSIVE;
				CLANG_CXX_LANGUAGE_STANDARD = "gnu++14";
				CLANG_CXX_LIBRARY = "libc++";
				CLANG_ENABLE_MODULES = YES;
				CLANG_ENABLE_OBJC_ARC = YES;
				CLANG_ENABLE_OBJC_WEAK = YES;
				CLANG_WARN_BLOCK_CAPTURE_AUTORELEASING = YES;
				CLANG_WARN_BOOL_CONVERSION = YES;
				CLANG_WARN_COMMA = YES;
				CLANG_WARN_CONSTANT_CONVERSION = YES;
				CLANG_WARN_DEPRECATED_OBJC_IMPLEMENTATIONS = YES;
				CLANG_WARN_DIRECT_OBJC_ISA_USAGE = YES_ERROR;
				CLANG_WARN_DOCUMENTATION_COMMENTS = YES;
				CLANG_WARN_EMPTY_BODY = YES;
				CLANG_WARN_ENUM_CONVERSION = YES;
				CLANG_WARN_INFINITE_RECURSION = YES;
				CLANG_WARN_INT_CONVERSION = YES;
				CLANG_WARN_NON_LITERAL_NULL_CONVERSION = YES;
				CLANG_WARN_OBJC_IMPLICIT_RETAIN_SELF = YES;
				CLANG_WARN_OBJC_LITERAL_CONVERSION = YES;
				CLANG_WARN_OBJC_ROOT_CLASS = YES_ERROR;
				CLANG_WARN_QUOTED_INCLUDE_IN_FRAMEWORK_HEADER = YES;
				CLANG_WARN_RANGE_LOOP_ANALYSIS = YES;
				CLANG_WARN_STRICT_PROTOTYPES = YES;
				CLANG_WARN_SUSPICIOUS_MOVE = YES;
				CLANG_WARN_UNGUARDED_AVAILABILITY = YES_AGGRESSIVE;
				CLANG_WARN_UNREACHABLE_CODE = YES;
				CLANG_WARN__DUPLICATE_METHOD_MATCH = YES;
				COPY_PHASE_STRIP = NO;
				DEBUG_INFORMATION_FORMAT = "dwarf-with-dsym";
				ENABLE_NS_ASSERTIONS = NO;
				ENABLE_STRICT_OBJC_MSGSEND = YES;
				ENABLE_USER_SCRIPT_SANDBOXING = YES;
				GCC_C_LANGUAGE_STANDARD = gnu11;
				GCC_NO_COMMON_BLOCKS = YES;
				GCC_WARN_64_TO_32_BIT_CONVERSION = YES;
				GCC_WARN_ABOUT_RETURN_TYPE = YES_ERROR;
				GCC_WARN_UNDECLARED_SELECTOR = YES;
				GCC_WARN_UNINITIALIZED_AUTOS = YES_AGGRESSIVE;
				GCC_WARN_UNUSED_FUNCTION = YES;
				GCC_WARN_UNUSED_VARIABLE = YES;
				MTL_ENABLE_DEBUG_INFO = NO;
				MTL_FAST_MATH = YES;
				PRODUCT_NAME = Radix;
				SDKROOT = iphoneos;
				STRING_CATALOG_GENERATE_SYMBOLS = YES;
				SWIFT_COMPILATION_MODE = wholemodule;
				SWIFT_OPTIMIZATION_LEVEL = "-O";
				SWIFT_VERSION = 6.0;
			};
			name = Release;
		};
		CCD0F1638B06532DE50A368B /* Debug */ = {
			isa = XCBuildConfiguration;
			buildSettings = {
				ALWAYS_SEARCH_USER_PATHS = NO;
				CLANG_ANALYZER_NONNULL = YES;
				CLANG_ANALYZER_NUMBER_OBJECT_CONVERSION = YES_AGGRESSIVE;
				CLANG_CXX_LANGUAGE_STANDARD = "gnu++14";
				CLANG_CXX_LIBRARY = "libc++";
				CLANG_ENABLE_MODULES = YES;
				CLANG_ENABLE_OBJC_ARC = YES;
				CLANG_ENABLE_OBJC_WEAK = YES;
				CLANG_WARN_BLOCK_CAPTURE_AUTORELEASING = YES;
				CLANG_WARN_BOOL_CONVERSION = YES;
				CLANG_WARN_COMMA = YES;
				CLANG_WARN_CONSTANT_CONVERSION = YES;
				CLANG_WARN_DEPRECATED_OBJC_IMPLEMENTATIONS = YES;
				CLANG_WARN_DIRECT_OBJC_ISA_USAGE = YES_ERROR;
				CLANG_WARN_DOCUMENTATION_COMMENTS = YES;
				CLANG_WARN_EMPTY_BODY = YES;
				CLANG_WARN_ENUM_CONVERSION = YES;
				CLANG_WARN_INFINITE_RECURSION = YES;
				CLANG_WARN_INT_CONVERSION = YES;
				CLANG_WARN_NON_LITERAL_NULL_CONVERSION = YES;
				CLANG_WARN_OBJC_IMPLICIT_RETAIN_SELF = YES;
				CLANG_WARN_OBJC_LITERAL_CONVERSION = YES;
				CLANG_WARN_OBJC_ROOT_CLASS = YES_ERROR;
				CLANG_WARN_QUOTED_INCLUDE_IN_FRAMEWORK_HEADER = YES;
				CLANG_WARN_RANGE_LOOP_ANALYSIS = YES;
				CLANG_WARN_STRICT_PROTOTYPES = YES;
				CLANG_WARN_SUSPICIOUS_MOVE = YES;
				CLANG_WARN_UNGUARDED_AVAILABILITY = YES_AGGRESSIVE;
				CLANG_WARN_UNREACHABLE_CODE = YES;
				CLANG_WARN__DUPLICATE_METHOD_MATCH = YES;
				COPY_PHASE_STRIP = NO;
				DEBUG_INFORMATION_FORMAT = dwarf;
				ENABLE_STRICT_OBJC_MSGSEND = YES;
				ENABLE_TESTABILITY = YES;
				ENABLE_USER_SCRIPT_SANDBOXING = YES;
				GCC_C_LANGUAGE_STANDARD = gnu11;
				GCC_DYNAMIC_NO_PIC = NO;
				GCC_NO_COMMON_BLOCKS = YES;
				GCC_OPTIMIZATION_LEVEL = 0;
				GCC_PREPROCESSOR_DEFINITIONS = (
					"$(inherited)",
					"DEBUG=1",
				);
				GCC_WARN_64_TO_32_BIT_CONVERSION = YES;
				GCC_WARN_ABOUT_RETURN_TYPE = YES_ERROR;
				GCC_WARN_UNDECLARED_SELECTOR = YES;
				GCC_WARN_UNINITIALIZED_AUTOS = YES_AGGRESSIVE;
				GCC_WARN_UNUSED_FUNCTION = YES;
				GCC_WARN_UNUSED_VARIABLE = YES;
				MTL_ENABLE_DEBUG_INFO = INCLUDE_SOURCE;
				MTL_FAST_MATH = YES;
				ONLY_ACTIVE_ARCH = YES;
				PRODUCT_NAME = Radix;
				SDKROOT = iphoneos;
				STRING_CATALOG_GENERATE_SYMBOLS = YES;
				SWIFT_ACTIVE_COMPILATION_CONDITIONS = DEBUG;
				SWIFT_OPTIMIZATION_LEVEL = "-Onone";
				SWIFT_VERSION = 6.0;
			};
			name = Debug;
		};
/* End XCBuildConfiguration section */

/* Begin XCConfigurationList section */
		8587472B00C06F51B0399FAA /* Build configuration list for PBXProject "Radix" */ = {
			isa = XCConfigurationList;
			buildConfigurations = (
				CCD0F1638B06532DE50A368B /* Debug */,
				AE785DDB4B15039504A4634F /* Release */,
			);
			defaultConfigurationIsVisible = 0;
			defaultConfigurationName = Debug;
		};
		B17A3600E92A6849A0796AAB /* Build configuration list for PBXNativeTarget "Radix" */ = {
			isa = XCConfigurationList;
			buildConfigurations = (
				98ECE75EC456EF7344033080 /* Debug */,
				9D4CC3658EF1156E588D0556 /* Release */,
			);
			defaultConfigurationIsVisible = 0;
			defaultConfigurationName = Debug;
		};
/* End XCConfigurationList section */
	};
	rootObject = 871C4C9D88BC60EF19F37AD8 /* Project object */;
}
