// !$*UTF8*$!
{
	archiveVersion = 1;
	classes = {
	};
	objectVersion = 77;
	objects = {

/* Begin PBXBuildFile section */
		08FB8569C66966596551E0E2 /* AILinkView.swift in Sources */ = {isa = PBXBuildFile; fileRef = BD0FD27099E93C0B3DBCC55A /* AILinkView.swift */; };
		10D59B4DFE53808C4829E6FD /* PhraseModels.swift in Sources */ = {isa = PBXBuildFile; fileRef = 911F85BE195D61BDA4442400 /* PhraseModels.swift */; };
		2CD095BC1FB95FF4971726EC /* JSONFileDocument.swift in Sources */ = {isa = PBXBuildFile; fileRef = 6C168A03A00D507535219249 /* JSONFileDocument.swift */; };
		33BD34622FD7927FF5D00EDA /* phrases.db in Resources */ = {isa = PBXBuildFile; fileRef = 6C8EA1AAC376266D445DC85F /* phrases.db */; };
		36953C4FF6B7A7B82A5663BC /* ResponsiveFont.swift in Sources */ = {isa = PBXBuildFile; fileRef = B3E1E5265391156C8C615A28 /* ResponsiveFont.swift */; };
		388A8F4E14262C3C3E616C1B /* CharacterDetailView.swift in Sources */ = {isa = PBXBuildFile; fileRef = CD17FEE8A50EC8A49C37A2FF /* CharacterDetailView.swift */; };
		43E2AF8FCB18F25425CAFC3D /* SUBTLEX-CH-CHR.txt in Resources */ = {isa = PBXBuildFile; fileRef = D355D0DC4BFD564CD930A664 /* SUBTLEX-CH-CHR.txt */; };
		4A7054204EB051FAAD223385 /* JSONFileDocument.swift in Sources */ = {isa = PBXBuildFile; fileRef = 6C168A03A00D507535219249 /* JSONFileDocument.swift */; };
		4EA624A7F2EC5FA78A32CE8C /* DataExportService.swift in Sources */ = {isa = PBXBuildFile; fileRef = 5638FC4C06278901129EF9DF /* DataExportService.swift */; };
		51F6A1B7C8E94D3BA2F0D645 /* character_strokes.db in Resources */ = {isa = PBXBuildFile; fileRef = 51F6A1B6C8E94D3BA2F0D645 /* character_strokes.db */; };
		54A51BF66D66F0EB5BCB894C /* ComponentModels.swift in Sources */ = {isa = PBXBuildFile; fileRef = BF7695C55BB9AFAA1CDFEB58 /* ComponentModels.swift */; };
		643BD107342BFF9737B8E68D /* UnifiedPackage.swift in Sources */ = {isa = PBXBuildFile; fileRef = AB37C9B2A3908035B4225770 /* UnifiedPackage.swift */; };
		68BF5B495E4A41F3DF1E774C /* RadixStoreTests.swift in Sources */ = {isa = PBXBuildFile; fileRef = E9A2C5A62369FC8A8F37AAD1 /* RadixStoreTests.swift */; };
		6ABB3E4EB6475449496F9C71 /* ResponsiveFont.swift in Sources */ = {isa = PBXBuildFile; fileRef = B3E1E5265391156C8C615A28 /* ResponsiveFont.swift */; };
		728F315B9AF32766993FECCC /* ComponentModels.swift in Sources */ = {isa = PBXBuildFile; fileRef = BF7695C55BB9AFAA1CDFEB58 /* ComponentModels.swift */; };
		7D4B9955F84B9C520D7702E8 /* EntitlementManager.swift in Sources */ = {isa = PBXBuildFile; fileRef = 4559296FCA5B2061336BA302 /* EntitlementManager.swift */; };
		82ECAD9A3AAD305D57B1CC85 /* CharacterInfoCard.swift in Sources */ = {isa = PBXBuildFile; fileRef = D1C7DBD97423A0CB1563CC5D /* CharacterInfoCard.swift */; };
		859920E5386DA7A4254E2346 /* hanzi-writer.min.js in Resources */ = {isa = PBXBuildFile; fileRef = 0622B2A27B86C5D0640BDCF3 /* hanzi-writer.min.js */; };
		864DAB762F93ADA3001B9AA7 /* ComponentRepository.swift in Sources */ = {isa = PBXBuildFile; fileRef = 864DAB752F93ADA3001B9AA7 /* ComponentRepository.swift */; };
		864DAB882F93B701001B9AA7 /* RadixStore.swift in Sources */ = {isa = PBXBuildFile; fileRef = 864DAB872F93B701001B9AA7 /* RadixStore.swift */; };
		864DAB8A2F93B722001B9AA7 /* PhraseRepository.swift in Sources */ = {isa = PBXBuildFile; fileRef = 864DAB892F93B722001B9AA7 /* PhraseRepository.swift */; };
		864DAB902F93BD51001B9AA7 /* CharacterPreviewHeader.swift in Sources */ = {isa = PBXBuildFile; fileRef = 864DAB8F2F93BD51001B9AA7 /* CharacterPreviewHeader.swift */; };
		864DAB962F93C022001B9AA7 /* BinaryFileDocument.swift in Sources */ = {isa = PBXBuildFile; fileRef = 864DAB952F93C022001B9AA7 /* BinaryFileDocument.swift */; };
		86CD14402F9822B300D7BDBD /* DataEditTab.swift in Sources */ = {isa = PBXBuildFile; fileRef = 86CD14372F9822B300D7BDBD /* DataEditTab.swift */; };
		86CD14412F9822B300D7BDBD /* FileTransferModifier.swift in Sources */ = {isa = PBXBuildFile; fileRef = 86CD14392F9822B300D7BDBD /* FileTransferModifier.swift */; };
		86CD14422F9822B300D7BDBD /* StrokeRangeSlider.swift in Sources */ = {isa = PBXBuildFile; fileRef = 86CD143F2F9822B300D7BDBD /* StrokeRangeSlider.swift */; };
		86CD14432F9822B300D7BDBD /* QuickEditSheets.swift in Sources */ = {isa = PBXBuildFile; fileRef = 86CD143B2F9822B300D7BDBD /* QuickEditSheets.swift */; };
		86CD14442F9822B300D7BDBD /* AppleStrokeViews.swift in Sources */ = {isa = PBXBuildFile; fileRef = 86CD14352F9822B300D7BDBD /* AppleStrokeViews.swift */; };
		86CD14452F9822B300D7BDBD /* FavouritesTab.swift in Sources */ = {isa = PBXBuildFile; fileRef = 86CD14382F9822B300D7BDBD /* FavouritesTab.swift */; };
		86CD14462F9822B300D7BDBD /* RootView.swift in Sources */ = {isa = PBXBuildFile; fileRef = 86CD143C2F9822B300D7BDBD /* RootView.swift */; };
		86CD14472F9822B300D7BDBD /* BreadcrumbStrip.swift in Sources */ = {isa = PBXBuildFile; fileRef = 86CD14362F9822B300D7BDBD /* BreadcrumbStrip.swift */; };
		86CD14482F9822B300D7BDBD /* SmartSearchTab.swift in Sources */ = {isa = PBXBuildFile; fileRef = 86CD143E2F9822B300D7BDBD /* SmartSearchTab.swift */; };
		86CD14492F9822B300D7BDBD /* AddPhrasesFileDocument.swift in Sources */ = {isa = PBXBuildFile; fileRef = 86CD14342F9822B300D7BDBD /* AddPhrasesFileDocument.swift */; };
		86CD144A2F9822B300D7BDBD /* FilterGridTab.swift in Sources */ = {isa = PBXBuildFile; fileRef = 86CD143A2F9822B300D7BDBD /* FilterGridTab.swift */; };
		86CD144B2F9822B300D7BDBD /* SmartResultsGrid.swift in Sources */ = {isa = PBXBuildFile; fileRef = 86CD143D2F9822B300D7BDBD /* SmartResultsGrid.swift */; };
		86CD144C2F9822B300D7BDBD /* DataEditTab.swift in Sources */ = {isa = PBXBuildFile; fileRef = 86CD14372F9822B300D7BDBD /* DataEditTab.swift */; };
		86CD144D2F9822B300D7BDBD /* FileTransferModifier.swift in Sources */ = {isa = PBXBuildFile; fileRef = 86CD14392F9822B300D7BDBD /* FileTransferModifier.swift */; };
		86CD144E2F9822B300D7BDBD /* StrokeRangeSlider.swift in Sources */ = {isa = PBXBuildFile; fileRef = 86CD143F2F9822B300D7BDBD /* StrokeRangeSlider.swift */; };
		86CD144F2F9822B300D7BDBD /* QuickEditSheets.swift in Sources */ = {isa = PBXBuildFile; fileRef = 86CD143B2F9822B300D7BDBD /* QuickEditSheets.swift */; };
		86CD14502F9822B300D7BDBD /* AppleStrokeViews.swift in Sources */ = {isa = PBXBuildFile; fileRef = 86CD14352F9822B300D7BDBD /* AppleStrokeViews.swift */; };
		86CD14512F9822B300D7BDBD /* FavouritesTab.swift in Sources */ = {isa = PBXBuildFile; fileRef = 86CD14382F9822B300D7BDBD /* FavouritesTab.swift */; };
		86CD14522F9822B300D7BDBD /* RootView.swift in Sources */ = {isa = PBXBuildFile; fileRef = 86CD143C2F9822B300D7BDBD /* RootView.swift */; };
		86CD14532F9822B300D7BDBD /* BreadcrumbStrip.swift in Sources */ = {isa = PBXBuildFile; fileRef = 86CD14362F9822B300D7BDBD /* BreadcrumbStrip.swift */; };
		86CD14542F9822B300D7BDBD /* SmartSearchTab.swift in Sources */ = {isa = PBXBuildFile; fileRef = 86CD143E2F9822B300D7BDBD /* SmartSearchTab.swift */; };
		86CD14552F9822B300D7BDBD /* AddPhrasesFileDocument.swift in Sources */ = {isa = PBXBuildFile; fileRef = 86CD14342F9822B300D7BDBD /* AddPhrasesFileDocument.swift */; };
		86CD14562F9822B300D7BDBD /* FilterGridTab.swift in Sources */ = {isa = PBXBuildFile; fileRef = 86CD143A2F9822B300D7BDBD /* FilterGridTab.swift */; };
		86CD14572F9822B300D7BDBD /* SmartResultsGrid.swift in Sources */ = {isa = PBXBuildFile; fileRef = 86CD143D2F9822B300D7BDBD /* SmartResultsGrid.swift */; };
		971EBBB26C9F4CFBD686F394 /* PromptModels.swift in Sources */ = {isa = PBXBuildFile; fileRef = 6AFF92F2BA13EBA1A3A64D44 /* PromptModels.swift */; };
		9D149A113D1A76187A94F606 /* PaywallView.swift in Sources */ = {isa = PBXBuildFile; fileRef = 72B5F27805929C40BDB2DE8C /* PaywallView.swift */; };
		9D7AF752F6083FC689726598 /* subtlex_freq.json in Resources */ = {isa = PBXBuildFile; fileRef = E9C3F33A9386C399BF9BA6BD /* subtlex_freq.json */; };
		A05EBFC59DC951C9EFDB9FF9 /* PromptModels.swift in Sources */ = {isa = PBXBuildFile; fileRef = 6AFF92F2BA13EBA1A3A64D44 /* PromptModels.swift */; };
		A1058D8DAF993CBF97FFE6A9 /* StrokeOrderWebView.swift in Sources */ = {isa = PBXBuildFile; fileRef = 59B2335DD9219C0F7B96DE43 /* StrokeOrderWebView.swift */; };
		A2A5920563DDE95E066515ED /* StrokeOrderWebView.swift in Sources */ = {isa = PBXBuildFile; fileRef = 59B2335DD9219C0F7B96DE43 /* StrokeOrderWebView.swift */; };
		AB674F9317A0D00B5EFE5ED2 /* CharacterInfoCard.swift in Sources */ = {isa = PBXBuildFile; fileRef = D1C7DBD97423A0CB1563CC5D /* CharacterInfoCard.swift */; };
		B0DE21C9E5CAC9EF465BFD96 /* enhanced_component_map_with_etymology.json in Resources */ = {isa = PBXBuildFile; fileRef = C94D867F618771FE33C19738 /* enhanced_component_map_with_etymology.json */; };
		B5F06B39344DC71A5AC38B9E /* EntitlementManager.swift in Sources */ = {isa = PBXBuildFile; fileRef = 4559296FCA5B2061336BA302 /* EntitlementManager.swift */; };
		BB6046DC1B72C21D2C18B6BA /* UserProfile.swift in Sources */ = {isa = PBXBuildFile; fileRef = F62C2C812BDCE5C4161C8606 /* UserProfile.swift */; };
		C0E52DFB3BB4B3CDE7E768D8 /* Assets.xcassets in Resources */ = {isa = PBXBuildFile; fileRef = 5FB0197D42D52FA9A72F4B24 /* Assets.xcassets */; };
		C0F73A1B704F91F0BB8E1C07 /* UnifiedPackage.swift in Sources */ = {isa = PBXBuildFile; fileRef = AB37C9B2A3908035B4225770 /* UnifiedPackage.swift */; };
		C28652F731304AC351D188FF /* RadixApp.swift in Sources */ = {isa = PBXBuildFile; fileRef = 0AD6667A0050D42F3CEC06E1 /* RadixApp.swift */; };
		CB360F3972D55FBFD1555152 /* RadixApp.swift in Sources */ = {isa = PBXBuildFile; fileRef = 0AD6667A0050D42F3CEC06E1 /* RadixApp.swift */; };
		CDE58FC9C241B89DA2A18538 /* UserProfile.swift in Sources */ = {isa = PBXBuildFile; fileRef = F62C2C812BDCE5C4161C8606 /* UserProfile.swift */; };
		DA63DDFD6499D503D37A05AF /* DataExportService.swift in Sources */ = {isa = PBXBuildFile; fileRef = 5638FC4C06278901129EF9DF /* DataExportService.swift */; };
		EA2830C793A1ABC0ECC9FC56 /* AILinkView.swift in Sources */ = {isa = PBXBuildFile; fileRef = BD0FD27099E93C0B3DBCC55A /* AILinkView.swift */; };
		EB7D8FFF8C9E773E8712ABDD /* PaywallView.swift in Sources */ = {isa = PBXBuildFile; fileRef = 72B5F27805929C40BDB2DE8C /* PaywallView.swift */; };
		EBB680C6944759A26C02D8FA /* CharacterDetailView.swift in Sources */ = {isa = PBXBuildFile; fileRef = CD17FEE8A50EC8A49C37A2FF /* CharacterDetailView.swift */; };
		FAA71A5526023B0DC933A1DE /* PhraseModels.swift in Sources */ = {isa = PBXBuildFile; fileRef = 911F85BE195D61BDA4442400 /* PhraseModels.swift */; };
/* End PBXBuildFile section */

/* Begin PBXFileReference section */
		0622B2A27B86C5D0640BDCF3 /* hanzi-writer.min.js */ = {isa = PBXFileReference; lastKnownFileType = sourcecode.javascript; path = "hanzi-writer.min.js"; sourceTree = "<group>"; };
		0AD6667A0050D42F3CEC06E1 /* RadixApp.swift */ = {isa = PBXFileReference; lastKnownFileType = sourcecode.swift; path = RadixApp.swift; sourceTree = "<group>"; };
		4559296FCA5B2061336BA302 /* EntitlementManager.swift */ = {isa = PBXFileReference; lastKnownFileType = sourcecode.swift; path = EntitlementManager.swift; sourceTree = "<group>"; };
		51F6A1B6C8E94D3BA2F0D645 /* character_strokes.db */ = {isa = PBXFileReference; lastKnownFileType = file; path = character_strokes.db; sourceTree = "<group>"; };
		5638FC4C06278901129EF9DF /* DataExportService.swift */ = {isa = PBXFileReference; lastKnownFileType = sourcecode.swift; path = DataExportService.swift; sourceTree = "<group>"; };
		59B2335DD9219C0F7B96DE43 /* StrokeOrderWebView.swift */ = {isa = PBXFileReference; lastKnownFileType = sourcecode.swift; path = StrokeOrderWebView.swift; sourceTree = "<group>"; };
		5FB0197D42D52FA9A72F4B24 /* Assets.xcassets */ = {isa = PBXFileReference; lastKnownFileType = folder.assetcatalog; path = Assets.xcassets; sourceTree = "<group>"; };
		6AFF92F2BA13EBA1A3A64D44 /* PromptModels.swift */ = {isa = PBXFileReference; lastKnownFileType = sourcecode.swift; path = PromptModels.swift; sourceTree = "<group>"; };
		6C168A03A00D507535219249 /* JSONFileDocument.swift */ = {isa = PBXFileReference; lastKnownFileType = sourcecode.swift; path = JSONFileDocument.swift; sourceTree = "<group>"; };
		6C8EA1AAC376266D445DC85F /* phrases.db */ = {isa = PBXFileReference; lastKnownFileType = file; path = phrases.db; sourceTree = "<group>"; };
		72B5F27805929C40BDB2DE8C /* PaywallView.swift */ = {isa = PBXFileReference; lastKnownFileType = sourcecode.swift; path = PaywallView.swift; sourceTree = "<group>"; };
		864DAB752F93ADA3001B9AA7 /* ComponentRepository.swift */ = {isa = PBXFileReference; lastKnownFileType = sourcecode.swift; path = ComponentRepository.swift; sourceTree = "<group>"; };
		864DAB872F93B701001B9AA7 /* RadixStore.swift */ = {isa = PBXFileReference; lastKnownFileType = sourcecode.swift; path = RadixStore.swift; sourceTree = "<group>"; };
		864DAB892F93B722001B9AA7 /* PhraseRepository.swift */ = {isa = PBXFileReference; lastKnownFileType = sourcecode.swift; path = PhraseRepository.swift; sourceTree = "<group>"; };
		864DAB8F2F93BD51001B9AA7 /* CharacterPreviewHeader.swift */ = {isa = PBXFileReference; lastKnownFileType = sourcecode.swift; path = CharacterPreviewHeader.swift; sourceTree = "<group>"; };
		864DAB952F93C022001B9AA7 /* BinaryFileDocument.swift */ = {isa = PBXFileReference; lastKnownFileType = sourcecode.swift; path = BinaryFileDocument.swift; sourceTree = "<group>"; };
		86CD14342F9822B300D7BDBD /* AddPhrasesFileDocument.swift */ = {isa = PBXFileReference; lastKnownFileType = sourcecode.swift; path = AddPhrasesFileDocument.swift; sourceTree = "<group>"; };
		86CD14352F9822B300D7BDBD /* AppleStrokeViews.swift */ = {isa = PBXFileReference; lastKnownFileType = sourcecode.swift; path = AppleStrokeViews.swift; sourceTree = "<group>"; };
		86CD14362F9822B300D7BDBD /* BreadcrumbStrip.swift */ = {isa = PBXFileReference; lastKnownFileType = sourcecode.swift; path = BreadcrumbStrip.swift; sourceTree = "<group>"; };
		86CD14372F9822B300D7BDBD /* DataEditTab.swift */ = {isa = PBXFileReference; lastKnownFileType = sourcecode.swift; path = DataEditTab.swift; sourceTree = "<group>"; };
		86CD14382F9822B300D7BDBD /* FavouritesTab.swift */ = {isa = PBXFileReference; lastKnownFileType = sourcecode.swift; path = FavouritesTab.swift; sourceTree = "<group>"; };
		86CD14392F9822B300D7BDBD /* FileTransferModifier.swift */ = {isa = PBXFileReference; lastKnownFileType = sourcecode.swift; path = FileTransferModifier.swift; sourceTree = "<group>"; };
		86CD143A2F9822B300D7BDBD /* FilterGridTab.swift */ = {isa = PBXFileReference; lastKnownFileType = sourcecode.swift; path = FilterGridTab.swift; sourceTree = "<group>"; };
		86CD143B2F9822B300D7BDBD /* QuickEditSheets.swift */ = {isa = PBXFileReference; lastKnownFileType = sourcecode.swift; path = QuickEditSheets.swift; sourceTree = "<group>"; };
		86CD143C2F9822B300D7BDBD /* RootView.swift */ = {isa = PBXFileReference; lastKnownFileType = sourcecode.swift; path = RootView.swift; sourceTree = "<group>"; };
		86CD143D2F9822B300D7BDBD /* SmartResultsGrid.swift */ = {isa = PBXFileReference; lastKnownFileType = sourcecode.swift; path = SmartResultsGrid.swift; sourceTree = "<group>"; };
		86CD143E2F9822B300D7BDBD /* SmartSearchTab.swift */ = {isa = PBXFileReference; lastKnownFileType = sourcecode.swift; path = SmartSearchTab.swift; sourceTree = "<group>"; };
		86CD143F2F9822B300D7BDBD /* StrokeRangeSlider.swift */ = {isa = PBXFileReference; lastKnownFileType = sourcecode.swift; path = StrokeRangeSlider.swift; sourceTree = "<group>"; };
		911F85BE195D61BDA4442400 /* PhraseModels.swift */ = {isa = PBXFileReference; lastKnownFileType = sourcecode.swift; path = PhraseModels.swift; sourceTree = "<group>"; };
		AB37C9B2A3908035B4225770 /* UnifiedPackage.swift */ = {isa = PBXFileReference; lastKnownFileType = sourcecode.swift; path = UnifiedPackage.swift; sourceTree = "<group>"; };
		B3E1E5265391156C8C615A28 /* ResponsiveFont.swift */ = {isa = PBXFileReference; lastKnownFileType = sourcecode.swift; path = ResponsiveFont.swift; sourceTree = "<group>"; };
		BD0FD27099E93C0B3DBCC55A /* AILinkView.swift */ = {isa = PBXFileReference; lastKnownFileType = sourcecode.swift; path = AILinkView.swift; sourceTree = "<group>"; };
		BF7695C55BB9AFAA1CDFEB58 /* ComponentModels.swift */ = {isa = PBXFileReference; lastKnownFileType = sourcecode.swift; path = ComponentModels.swift; sourceTree = "<group>"; };
		C94D867F618771FE33C19738 /* enhanced_component_map_with_etymology.json */ = {isa = PBXFileReference; lastKnownFileType = text.json; path = enhanced_component_map_with_etymology.json; sourceTree = "<group>"; };
		CD17FEE8A50EC8A49C37A2FF /* CharacterDetailView.swift */ = {isa = PBXFileReference; lastKnownFileType = sourcecode.swift; path = CharacterDetailView.swift; sourceTree = "<group>"; };
		D1C7DBD97423A0CB1563CC5D /* CharacterInfoCard.swift */ = {isa = PBXFileReference; lastKnownFileType = sourcecode.swift; path = CharacterInfoCard.swift; sourceTree = "<group>"; };
		D355D0DC4BFD564CD930A664 /* SUBTLEX-CH-CHR.txt */ = {isa = PBXFileReference; lastKnownFileType = text; path = "SUBTLEX-CH-CHR.txt"; sourceTree = "<group>"; };
		E9A2C5A62369FC8A8F37AAD1 /* RadixStoreTests.swift */ = {isa = PBXFileReference; lastKnownFileType = sourcecode.swift; path = RadixStoreTests.swift; sourceTree = "<group>"; };
		E9C3F33A9386C399BF9BA6BD /* subtlex_freq.json */ = {isa = PBXFileReference; lastKnownFileType = text.json; path = subtlex_freq.json; sourceTree = "<group>"; };
		F62C2C812BDCE5C4161C8606 /* UserProfile.swift */ = {isa = PBXFileReference; lastKnownFileType = sourcecode.swift; path = UserProfile.swift; sourceTree = "<group>"; };
		FE458C28CB5A171806D57DB0 /* Radix.app */ = {isa = PBXFileReference; explicitFileType = wrapper.application; includeInIndex = 0; path = Radix.app; sourceTree = BUILT_PRODUCTS_DIR; };
		FFDD4C4BFE9C732BAF57BF7F /* Radix.xctest */ = {isa = PBXFileReference; explicitFileType = wrapper.cfbundle; includeInIndex = 0; path = Radix.xctest; sourceTree = BUILT_PRODUCTS_DIR; };
/* End PBXFileReference section */

/* Begin PBXGroup section */
		197EE4EEA5B7FCD70360981B /* App */ = {
			isa = PBXGroup;
			children = (
				0AD6667A0050D42F3CEC06E1 /* RadixApp.swift */,
				86CD14342F9822B300D7BDBD /* AddPhrasesFileDocument.swift */,
				86CD14352F9822B300D7BDBD /* AppleStrokeViews.swift */,
				86CD14362F9822B300D7BDBD /* BreadcrumbStrip.swift */,
				86CD14372F9822B300D7BDBD /* DataEditTab.swift */,
				86CD14382F9822B300D7BDBD /* FavouritesTab.swift */,
				86CD14392F9822B300D7BDBD /* FileTransferModifier.swift */,
				86CD143A2F9822B300D7BDBD /* FilterGridTab.swift */,
				86CD143B2F9822B300D7BDBD /* QuickEditSheets.swift */,
				86CD143C2F9822B300D7BDBD /* RootView.swift */,
				86CD143D2F9822B300D7BDBD /* SmartResultsGrid.swift */,
				86CD143E2F9822B300D7BDBD /* SmartSearchTab.swift */,
				86CD143F2F9822B300D7BDBD /* StrokeRangeSlider.swift */,
			);
			path = App;
			sourceTree = "<group>";
		};
		3A87FC368D89F1E137FE85B5 /* Products */ = {
			isa = PBXGroup;
			children = (
				FE458C28CB5A171806D57DB0 /* Radix.app */,
				FFDD4C4BFE9C732BAF57BF7F /* Radix.xctest */,
			);
			name = Products;
			sourceTree = "<group>";
		};
		542027F30D578A00E438CB75 /* Services */ = {
			isa = PBXGroup;
			children = (
				864DAB952F93C022001B9AA7 /* BinaryFileDocument.swift */,
				864DAB892F93B722001B9AA7 /* PhraseRepository.swift */,
				864DAB752F93ADA3001B9AA7 /* ComponentRepository.swift */,
				5638FC4C06278901129EF9DF /* DataExportService.swift */,
				4559296FCA5B2061336BA302 /* EntitlementManager.swift */,
				6C168A03A00D507535219249 /* JSONFileDocument.swift */,
			);
			path = Services;
			sourceTree = "<group>";
		};
		5DCDECA1962ED656F6A36FBA /* Models */ = {
			isa = PBXGroup;
			children = (
				BF7695C55BB9AFAA1CDFEB58 /* ComponentModels.swift */,
				911F85BE195D61BDA4442400 /* PhraseModels.swift */,
				6AFF92F2BA13EBA1A3A64D44 /* PromptModels.swift */,
				B3E1E5265391156C8C615A28 /* ResponsiveFont.swift */,
				AB37C9B2A3908035B4225770 /* UnifiedPackage.swift */,
				F62C2C812BDCE5C4161C8606 /* UserProfile.swift */,
			);
			path = Models;
			sourceTree = "<group>";
		};
		A98EDF6A1BB4D5DBCEA05D43 /* Resources */ = {
			isa = PBXGroup;
			children = (
				5FB0197D42D52FA9A72F4B24 /* Assets.xcassets */,
				51F6A1B6C8E94D3BA2F0D645 /* character_strokes.db */,
				0622B2A27B86C5D0640BDCF3 /* hanzi-writer.min.js */,
				E9C3F33A9386C399BF9BA6BD /* subtlex_freq.json */,
			);
			path = Resources;
			sourceTree = "<group>";
		};
		D05A58803F821C8C3F50E993 = {
			isa = PBXGroup;
			children = (
				C94D867F618771FE33C19738 /* enhanced_component_map_with_etymology.json */,
				6C8EA1AAC376266D445DC85F /* phrases.db */,
				D355D0DC4BFD564CD930A664 /* SUBTLEX-CH-CHR.txt */,
				197EE4EEA5B7FCD70360981B /* App */,
				5DCDECA1962ED656F6A36FBA /* Models */,
				A98EDF6A1BB4D5DBCEA05D43 /* Resources */,
				542027F30D578A00E438CB75 /* Services */,
				F7B4676DEEC476C517E44030 /* Tests */,
				E8D79C478F82A7AAB7CC0952 /* ViewModels */,
				DE7A3CE0C7ED411F48530753 /* Views */,
				3A87FC368D89F1E137FE85B5 /* Products */,
			);
			sourceTree = "<group>";
		};
		DE7A3CE0C7ED411F48530753 /* Views */ = {
			isa = PBXGroup;
			children = (
				864DAB8F2F93BD51001B9AA7 /* CharacterPreviewHeader.swift */,
				BD0FD27099E93C0B3DBCC55A /* AILinkView.swift */,
				CD17FEE8A50EC8A49C37A2FF /* CharacterDetailView.swift */,
				D1C7DBD97423A0CB1563CC5D /* CharacterInfoCard.swift */,
				72B5F27805929C40BDB2DE8C /* PaywallView.swift */,
				59B2335DD9219C0F7B96DE43 /* StrokeOrderWebView.swift */,
			);
			path = Views;
			sourceTree = "<group>";
		};
		E8D79C478F82A7AAB7CC0952 /* ViewModels */ = {
			isa = PBXGroup;
			children = (
				864DAB872F93B701001B9AA7 /* RadixStore.swift */,
			);
			path = ViewModels;
			sourceTree = "<group>";
		};
		F7B4676DEEC476C517E44030 /* Tests */ = {
			isa = PBXGroup;
			children = (
				E9A2C5A62369FC8A8F37AAD1 /* RadixStoreTests.swift */,
			);
			path = Tests;
			sourceTree = "<group>";
		};
/* End PBXGroup section */

/* Begin PBXNativeTarget section */
		9A2C34EBA20C223705DFBC02 /* Radix */ = {
			isa = PBXNativeTarget;
			buildConfigurationList = B17A3600E92A6849A0796AAB /* Build configuration list for PBXNativeTarget "Radix" */;
			buildPhases = (
				A98166AD22AB71615EF42570 /* Sources */,
				DC829B36A87DBB4FC5DE819E /* Resources */,
			);
			buildRules = (
			);
			dependencies = (
			);
			name = Radix;
			packageProductDependencies = (
			);
			productName = Radix;
			productReference = FE458C28CB5A171806D57DB0 /* Radix.app */;
			productType = "com.apple.product-type.application";
		};
		9AAE98E1268E50DE36655377 /* RadixTests */ = {
			isa = PBXNativeTarget;
			buildConfigurationList = 080BF30CBC200720BF507AF3 /* Build configuration list for PBXNativeTarget "RadixTests" */;
			buildPhases = (
				76592A3FBA6A8025018869E5 /* Sources */,
			);
			buildRules = (
			);
			dependencies = (
			);
			name = RadixTests;
			packageProductDependencies = (
			);
			productName = RadixTests;
			productReference = FFDD4C4BFE9C732BAF57BF7F /* Radix.xctest */;
			productType = "com.apple.product-type.bundle.unit-test";
		};
/* End PBXNativeTarget section */

/* Begin PBXProject section */
		871C4C9D88BC60EF19F37AD8 /* Project object */ = {
			isa = PBXProject;
			attributes = {
				BuildIndependentTargetsInParallel = YES;
				LastUpgradeCheck = 2640;
				TargetAttributes = {
					9A2C34EBA20C223705DFBC02 = {
						ProvisioningStyle = Automatic;
					};
				};
			};
			buildConfigurationList = 8587472B00C06F51B0399FAA /* Build configuration list for PBXProject "Radix" */;
			developmentRegion = en;
			hasScannedForEncodings = 0;
			knownRegions = (
				Base,
				en,
			);
			mainGroup = D05A58803F821C8C3F50E993;
			minimizedProjectReferenceProxies = 1;
			preferredProjectObjectVersion = 77;
			productRefGroup = 3A87FC368D89F1E137FE85B5 /* Products */;
			projectDirPath = "";
			projectRoot = "";
			targets = (
				9A2C34EBA20C223705DFBC02 /* Radix */,
				9AAE98E1268E50DE36655377 /* RadixTests */,
			);
		};
/* End PBXProject section */

/* Begin PBXResourcesBuildPhase section */
		DC829B36A87DBB4FC5DE819E /* Resources */ = {
			isa = PBXResourcesBuildPhase;
			buildActionMask = 2147483647;
			files = (
				C0E52DFB3BB4B3CDE7E768D8 /* Assets.xcassets in Resources */,
				43E2AF8FCB18F25425CAFC3D /* SUBTLEX-CH-CHR.txt in Resources */,
				51F6A1B7C8E94D3BA2F0D645 /* character_strokes.db in Resources */,
				B0DE21C9E5CAC9EF465BFD96 /* enhanced_component_map_with_etymology.json in Resources */,
				859920E5386DA7A4254E2346 /* hanzi-writer.min.js in Resources */,
				33BD34622FD7927FF5D00EDA /* phrases.db in Resources */,
				9D7AF752F6083FC689726598 /* subtlex_freq.json in Resources */,
			);
			runOnlyForDeploymentPostprocessing = 0;
		};
/* End PBXResourcesBuildPhase section */

/* Begin PBXSourcesBuildPhase section */
		76592A3FBA6A8025018869E5 /* Sources */ = {
			isa = PBXSourcesBuildPhase;
			buildActionMask = 2147483647;
			files = (
				86CD144C2F9822B300D7BDBD /* DataEditTab.swift in Sources */,
				86CD144D2F9822B300D7BDBD /* FileTransferModifier.swift in Sources */,
				86CD144E2F9822B300D7BDBD /* StrokeRangeSlider.swift in Sources */,
				86CD144F2F9822B300D7BDBD /* QuickEditSheets.swift in Sources */,
				86CD14502F9822B300D7BDBD /* AppleStrokeViews.swift in Sources */,
				86CD14512F9822B300D7BDBD /* FavouritesTab.swift in Sources */,
				86CD14522F9822B300D7BDBD /* RootView.swift in Sources */,
				86CD14532F9822B300D7BDBD /* BreadcrumbStrip.swift in Sources */,
				86CD14542F9822B300D7BDBD /* SmartSearchTab.swift in Sources */,
				86CD14552F9822B300D7BDBD /* AddPhrasesFileDocument.swift in Sources */,
				86CD14562F9822B300D7BDBD /* FilterGridTab.swift in Sources */,
				86CD14572F9822B300D7BDBD /* SmartResultsGrid.swift in Sources */,
				EA2830C793A1ABC0ECC9FC56 /* AILinkView.swift in Sources */,
				388A8F4E14262C3C3E616C1B /* CharacterDetailView.swift in Sources */,
				82ECAD9A3AAD305D57B1CC85 /* CharacterInfoCard.swift in Sources */,
				728F315B9AF32766993FECCC /* ComponentModels.swift in Sources */,
				4EA624A7F2EC5FA78A32CE8C /* DataExportService.swift in Sources */,
				B5F06B39344DC71A5AC38B9E /* EntitlementManager.swift in Sources */,
				4A7054204EB051FAAD223385 /* JSONFileDocument.swift in Sources */,
				EB7D8FFF8C9E773E8712ABDD /* PaywallView.swift in Sources */,
				10D59B4DFE53808C4829E6FD /* PhraseModels.swift in Sources */,
				971EBBB26C9F4CFBD686F394 /* PromptModels.swift in Sources */,
				C28652F731304AC351D188FF /* RadixApp.swift in Sources */,
				68BF5B495E4A41F3DF1E774C /* RadixStoreTests.swift in Sources */,
				36953C4FF6B7A7B82A5663BC /* ResponsiveFont.swift in Sources */,
				A1058D8DAF993CBF97FFE6A9 /* StrokeOrderWebView.swift in Sources */,
				643BD107342BFF9737B8E68D /* UnifiedPackage.swift in Sources */,
				BB6046DC1B72C21D2C18B6BA /* UserProfile.swift in Sources */,
			);
			runOnlyForDeploymentPostprocessing = 0;
		};
		A98166AD22AB71615EF42570 /* Sources */ = {
			isa = PBXSourcesBuildPhase;
			buildActionMask = 2147483647;
			files = (
				864DAB762F93ADA3001B9AA7 /* ComponentRepository.swift in Sources */,
				08FB8569C66966596551E0E2 /* AILinkView.swift in Sources */,
				EBB680C6944759A26C02D8FA /* CharacterDetailView.swift in Sources */,
				864DAB962F93C022001B9AA7 /* BinaryFileDocument.swift in Sources */,
				AB674F9317A0D00B5EFE5ED2 /* CharacterInfoCard.swift in Sources */,
				54A51BF66D66F0EB5BCB894C /* ComponentModels.swift in Sources */,
				DA63DDFD6499D503D37A05AF /* DataExportService.swift in Sources */,
				7D4B9955F84B9C520D7702E8 /* EntitlementManager.swift in Sources */,
				86CD14402F9822B300D7BDBD /* DataEditTab.swift in Sources */,
				86CD14412F9822B300D7BDBD /* FileTransferModifier.swift in Sources */,
				86CD14422F9822B300D7BDBD /* StrokeRangeSlider.swift in Sources */,
				86CD14432F9822B300D7BDBD /* QuickEditSheets.swift in Sources */,
				86CD14442F9822B300D7BDBD /* AppleStrokeViews.swift in Sources */,
				86CD14452F9822B300D7BDBD /* FavouritesTab.swift in Sources */,
				86CD14462F9822B300D7BDBD /* RootView.swift in Sources */,
				86CD14472F9822B300D7BDBD /* BreadcrumbStrip.swift in Sources */,
				86CD14482F9822B300D7BDBD /* SmartSearchTab.swift in Sources */,
				86CD14492F9822B300D7BDBD /* AddPhrasesFileDocument.swift in Sources */,
				86CD144A2F9822B300D7BDBD /* FilterGridTab.swift in Sources */,
				86CD144B2F9822B300D7BDBD /* SmartResultsGrid.swift in Sources */,
				2CD095BC1FB95FF4971726EC /* JSONFileDocument.swift in Sources */,
				9D149A113D1A76187A94F606 /* PaywallView.swift in Sources */,
				FAA71A5526023B0DC933A1DE /* PhraseModels.swift in Sources */,
				864DAB902F93BD51001B9AA7 /* CharacterPreviewHeader.swift in Sources */,
				864DAB882F93B701001B9AA7 /* RadixStore.swift in Sources */,
				A05EBFC59DC951C9EFDB9FF9 /* PromptModels.swift in Sources */,
				CB360F3972D55FBFD1555152 /* RadixApp.swift in Sources */,
				864DAB8A2F93B722001B9AA7 /* PhraseRepository.swift in Sources */,
				6ABB3E4EB6475449496F9C71 /* ResponsiveFont.swift in Sources */,
				A2A5920563DDE95E066515ED /* StrokeOrderWebView.swift in Sources */,
				C0F73A1B704F91F0BB8E1C07 /* UnifiedPackage.swift in Sources */,
				CDE58FC9C241B89DA2A18538 /* UserProfile.swift in Sources */,
			);
			runOnlyForDeploymentPostprocessing = 0;
		};
/* End PBXSourcesBuildPhase section */

/* Begin XCBuildConfiguration section */
		4E4EE4B341807C9A554D5B63 /* Release */ = {
			isa = XCBuildConfiguration;
			buildSettings = {
				BUNDLE_LOADER = "$(TEST_HOST)";
				GENERATE_INFOPLIST_FILE = YES;
				LD_RUNPATH_SEARCH_PATHS = (
					"$(inherited)",
					"@executable_path/Frameworks",
					"@loader_path/Frameworks",
				);
				PRODUCT_MODULE_NAME = RadixTests;
				SDKROOT = iphoneos;
				TARGETED_DEVICE_FAMILY = "1,2";
			};
			name = Release;
		};
		7C54352B8D4A2DB874046330 /* Debug */ = {
			isa = XCBuildConfiguration;
			buildSettings = {
				BUNDLE_LOADER = "$(TEST_HOST)";
				GENERATE_INFOPLIST_FILE = YES;
				LD_RUNPATH_SEARCH_PATHS = (
					"$(inherited)",
					"@executable_path/Frameworks",
					"@loader_path/Frameworks",
				);
				PRODUCT_MODULE_NAME = RadixTests;
				SDKROOT = iphoneos;
				TARGETED_DEVICE_FAMILY = "1,2";
			};
			name = Debug;
		};
		98ECE75EC456EF7344033080 /* Debug */ = {
			isa = XCBuildConfiguration;
			buildSettings = {
				ASSETCATALOG_COMPILER_APPICON_NAME = AppIcon;
				ASSETCATALOG_COMPILER_GLOBAL_ACCENT_COLOR_NAME = AccentColor;
				CODE_SIGN_IDENTITY = "iPhone Developer";
				CODE_SIGN_STYLE = Automatic;
				CURRENT_PROJECT_VERSION = 1;
				DEVELOPMENT_TEAM = 7PSNWRPJ5B;
				GENERATE_INFOPLIST_FILE = YES;
				INFOPLIST_KEY_CFBundleDisplayName = Radix;
				INFOPLIST_KEY_CFBundleShortVersionString = "$(MARKETING_VERSION)";
				INFOPLIST_KEY_CFBundleVersion = "$(CURRENT_PROJECT_VERSION)";
				INFOPLIST_KEY_ITSAppUsesNonExemptEncryption = NO;
				INFOPLIST_KEY_UIApplicationSceneManifest_Generation = YES;
				INFOPLIST_KEY_UILaunchScreen_Generation = YES;
				INFOPLIST_KEY_UIRequiresFullScreen = NO;
				INFOPLIST_KEY_UISupportedInterfaceOrientations_iPad = "UIInterfaceOrientationPortrait UIInterfaceOrientationPortraitUpsideDown UIInterfaceOrientationLandscapeLeft UIInterfaceOrientationLandscapeRight";
				IPHONEOS_DEPLOYMENT_TARGET = 17.0;
				LD_RUNPATH_SEARCH_PATHS = (
					"$(inherited)",
					"@executable_path/Frameworks",
				);
				MARKETING_VERSION = 1.0.0;
				PRODUCT_BUNDLE_IDENTIFIER = com.desmond.radix;
				SDKROOT = iphoneos;
				SUPPORTS_MACCATALYST = YES;
				TARGETED_DEVICE_FAMILY = "1,2";
			};
			name = Debug;
		};
		9D4CC3658EF1156E588D0556 /* Release */ = {
			isa = XCBuildConfiguration;
			buildSettings = {
				ASSETCATALOG_COMPILER_APPICON_NAME = AppIcon;
				ASSETCATALOG_COMPILER_GLOBAL_ACCENT_COLOR_NAME = AccentColor;
				CODE_SIGN_IDENTITY = "iPhone Developer";
				CODE_SIGN_STYLE = Automatic;
				CURRENT_PROJECT_VERSION = 1;
				DEVELOPMENT_TEAM = 7PSNWRPJ5B;
				GENERATE_INFOPLIST_FILE = YES;
				INFOPLIST_KEY_CFBundleDisplayName = Radix;
				INFOPLIST_KEY_CFBundleShortVersionString = "$(MARKETING_VERSION)";
				INFOPLIST_KEY_CFBundleVersion = "$(CURRENT_PROJECT_VERSION)";
				INFOPLIST_KEY_ITSAppUsesNonExemptEncryption = NO;
				INFOPLIST_KEY_UIApplicationSceneManifest_Generation = YES;
				INFOPLIST_KEY_UILaunchScreen_Generation = YES;
				INFOPLIST_KEY_UIRequiresFullScreen = NO;
				INFOPLIST_KEY_UISupportedInterfaceOrientations_iPad = "UIInterfaceOrientationPortrait UIInterfaceOrientationPortraitUpsideDown UIInterfaceOrientationLandscapeLeft UIInterfaceOrientationLandscapeRight";
				IPHONEOS_DEPLOYMENT_TARGET = 17.0;
				LD_RUNPATH_SEARCH_PATHS = (
					"$(inherited)",
					"@executable_path/Frameworks",
				);
				MARKETING_VERSION = 1.0.0;
				PRODUCT_BUNDLE_IDENTIFIER = com.desmond.radix;
				SDKROOT = iphoneos;
				SUPPORTS_MACCATALYST = YES;
				TARGETED_DEVICE_FAMILY = "1,2";
			};
			name = Release;
		};
		AE785DDB4B15039504A4634F /* Release */ = {
			isa = XCBuildConfiguration;
			buildSettings = {
				ALWAYS_SEARCH_USER_PATHS = NO;
				CLANG_ANALYZER_NONNULL = YES;
				CLANG_ANALYZER_NUMBER_OBJECT_CONVERSION = YES_AGGRESSIVE;
				CLANG_CXX_LANGUAGE_STANDARD = "gnu++14";
				CLANG_CXX_LIBRARY = "libc++";
				CLANG_ENABLE_MODULES = YES;
				CLANG_ENABLE_OBJC_ARC = YES;
				CLANG_ENABLE_OBJC_WEAK = YES;
				CLANG_WARN_BLOCK_CAPTURE_AUTORELEASING = YES;
				CLANG_WARN_BOOL_CONVERSION = YES;
				CLANG_WARN_COMMA = YES;
				CLANG_WARN_CONSTANT_CONVERSION = YES;
				CLANG_WARN_DEPRECATED_OBJC_IMPLEMENTATIONS = YES;
				CLANG_WARN_DIRECT_OBJC_ISA_USAGE = YES_ERROR;
				CLANG_WARN_DOCUMENTATION_COMMENTS = YES;
				CLANG_WARN_EMPTY_BODY = YES;
				CLANG_WARN_ENUM_CONVERSION = YES;
				CLANG_WARN_INFINITE_RECURSION = YES;
				CLANG_WARN_INT_CONVERSION = YES;
				CLANG_WARN_NON_LITERAL_NULL_CONVERSION = YES;
				CLANG_WARN_OBJC_IMPLICIT_RETAIN_SELF = YES;
				CLANG_WARN_OBJC_LITERAL_CONVERSION = YES;
				CLANG_WARN_OBJC_ROOT_CLASS = YES_ERROR;
				CLANG_WARN_QUOTED_INCLUDE_IN_FRAMEWORK_HEADER = YES;
				CLANG_WARN_RANGE_LOOP_ANALYSIS = YES;
				CLANG_WARN_STRICT_PROTOTYPES = YES;
				CLANG_WARN_SUSPICIOUS_MOVE = YES;
				CLANG_WARN_UNGUARDED_AVAILABILITY = YES_AGGRESSIVE;
				CLANG_WARN_UNREACHABLE_CODE = YES;
				CLANG_WARN__DUPLICATE_METHOD_MATCH = YES;
				COPY_PHASE_STRIP = NO;
				DEBUG_INFORMATION_FORMAT = "dwarf-with-dsym";
				ENABLE_NS_ASSERTIONS = NO;
				ENABLE_STRICT_OBJC_MSGSEND = YES;
				ENABLE_USER_SCRIPT_SANDBOXING = YES;
				GCC_C_LANGUAGE_STANDARD = gnu11;
				GCC_NO_COMMON_BLOCKS = YES;
				GCC_WARN_64_TO_32_BIT_CONVERSION = YES;
				GCC_WARN_ABOUT_RETURN_TYPE = YES_ERROR;
				GCC_WARN_UNDECLARED_SELECTOR = YES;
				GCC_WARN_UNINITIALIZED_AUTOS = YES_AGGRESSIVE;
				GCC_WARN_UNUSED_FUNCTION = YES;
				GCC_WARN_UNUSED_VARIABLE = YES;
				MTL_ENABLE_DEBUG_INFO = NO;
				MTL_FAST_MATH = YES;
				PRODUCT_NAME = Radix;
				SDKROOT = iphoneos;
				STRING_CATALOG_GENERATE_SYMBOLS = YES;
				SWIFT_COMPILATION_MODE = wholemodule;
				SWIFT_OPTIMIZATION_LEVEL = "-O";
				SWIFT_VERSION = 6.0;
			};
			name = Release;
		};
		CCD0F1638B06532DE50A368B /* Debug */ = {
			isa = XCBuildConfiguration;
			buildSettings = {
				ALWAYS_SEARCH_USER_PATHS = NO;
				CLANG_ANALYZER_NONNULL = YES;
				CLANG_ANALYZER_NUMBER_OBJECT_CONVERSION = YES_AGGRESSIVE;
				CLANG_CXX_LANGUAGE_STANDARD = "gnu++14";
				CLANG_CXX_LIBRARY = "libc++";
				CLANG_ENABLE_MODULES = YES;
				CLANG_ENABLE_OBJC_ARC = YES;
				CLANG_ENABLE_OBJC_WEAK = YES;
				CLANG_WARN_BLOCK_CAPTURE_AUTORELEASING = YES;
				CLANG_WARN_BOOL_CONVERSION = YES;
				CLANG_WARN_COMMA = YES;
				CLANG_WARN_CONSTANT_CONVERSION = YES;
				CLANG_WARN_DEPRECATED_OBJC_IMPLEMENTATIONS = YES;
				CLANG_WARN_DIRECT_OBJC_ISA_USAGE = YES_ERROR;
				CLANG_WARN_DOCUMENTATION_COMMENTS = YES;
				CLANG_WARN_EMPTY_BODY = YES;
				CLANG_WARN_ENUM_CONVERSION = YES;
				CLANG_WARN_INFINITE_RECURSION = YES;
				CLANG_WARN_INT_CONVERSION = YES;
				CLANG_WARN_NON_LITERAL_NULL_CONVERSION = YES;
				CLANG_WARN_OBJC_IMPLICIT_RETAIN_SELF = YES;
				CLANG_WARN_OBJC_LITERAL_CONVERSION = YES;
				CLANG_WARN_OBJC_ROOT_CLASS = YES_ERROR;
				CLANG_WARN_QUOTED_INCLUDE_IN_FRAMEWORK_HEADER = YES;
				CLANG_WARN_RANGE_LOOP_ANALYSIS = YES;
				CLANG_WARN_STRICT_PROTOTYPES = YES;
				CLANG_WARN_SUSPICIOUS_MOVE = YES;
				CLANG_WARN_UNGUARDED_AVAILABILITY = YES_AGGRESSIVE;
				CLANG_WARN_UNREACHABLE_CODE = YES;
				CLANG_WARN__DUPLICATE_METHOD_MATCH = YES;
				COPY_PHASE_STRIP = NO;
				DEBUG_INFORMATION_FORMAT = dwarf;
				ENABLE_STRICT_OBJC_MSGSEND = YES;
				ENABLE_TESTABILITY = YES;
				ENABLE_USER_SCRIPT_SANDBOXING = YES;
				GCC_C_LANGUAGE_STANDARD = gnu11;
				GCC_DYNAMIC_NO_PIC = NO;
				GCC_NO_COMMON_BLOCKS = YES;
				GCC_OPTIMIZATION_LEVEL = 0;
				GCC_PREPROCESSOR_DEFINITIONS = (
					"$(inherited)",
					"DEBUG=1",
				);
				GCC_WARN_64_TO_32_BIT_CONVERSION = YES;
				GCC_WARN_ABOUT_RETURN_TYPE = YES_ERROR;
				GCC_WARN_UNDECLARED_SELECTOR = YES;
				GCC_WARN_UNINITIALIZED_AUTOS = YES_AGGRESSIVE;
				GCC_WARN_UNUSED_FUNCTION = YES;
				GCC_WARN_UNUSED_VARIABLE = YES;
				MTL_ENABLE_DEBUG_INFO = INCLUDE_SOURCE;
				MTL_FAST_MATH = YES;
				ONLY_ACTIVE_ARCH = YES;
				PRODUCT_NAME = Radix;
				SDKROOT = iphoneos;
				STRING_CATALOG_GENERATE_SYMBOLS = YES;
				SWIFT_ACTIVE_COMPILATION_CONDITIONS = DEBUG;
				SWIFT_OPTIMIZATION_LEVEL = "-Onone";
				SWIFT_VERSION = 6.0;
			};
			name = Debug;
		};
/* End XCBuildConfiguration section */

/* Begin XCConfigurationList section */
		080BF30CBC200720BF507AF3 /* Build configuration list for PBXNativeTarget "RadixTests" */ = {
			isa = XCConfigurationList;
			buildConfigurations = (
				7C54352B8D4A2DB874046330 /* Debug */,
				4E4EE4B341807C9A554D5B63 /* Release */,
			);
			defaultConfigurationIsVisible = 0;
			defaultConfigurationName = Debug;
		};
		8587472B00C06F51B0399FAA /* Build configuration list for PBXProject "Radix" */ = {
			isa = XCConfigurationList;
			buildConfigurations = (
				CCD0F1638B06532DE50A368B /* Debug */,
				AE785DDB4B15039504A4634F /* Release */,
			);
			defaultConfigurationIsVisible = 0;
			defaultConfigurationName = Debug;
		};
		B17A3600E92A6849A0796AAB /* Build configuration list for PBXNativeTarget "Radix" */ = {
			isa = XCConfigurationList;
			buildConfigurations = (
				98ECE75EC456EF7344033080 /* Debug */,
				9D4CC3658EF1156E588D0556 /* Release */,
			);
			defaultConfigurationIsVisible = 0;
			defaultConfigurationName = Debug;
		};
/* End XCConfigurationList section */
	};
	rootObject = 871C4C9D88BC60EF19F37AD8 /* Project object */;
}
